// !$*UTF8*$!
{
	archiveVersion = 1;
	classes = {
	};
	objectVersion = 56;
	objects = {

/* Begin PBXBuildFile section */
		091AC3D22B4A57D9007E68F0 /* GameType.swift in Sources */ = {isa = PBXBuildFile; fileRef = 091AC3D12B4A57D9007E68F0 /* GameType.swift */; };
		091AC3D42B4A8AAE007E68F0 /* PointDataModel.swift in Sources */ = {isa = PBXBuildFile; fileRef = 091AC3D32B4A8AAE007E68F0 /* PointDataModel.swift */; };
		091AC3D62B4A8C52007E68F0 /* MatchFormat.swift in Sources */ = {isa = PBXBuildFile; fileRef = 091AC3D52B4A8C52007E68F0 /* MatchFormat.swift */; };
		091AC3D82B4A931F007E68F0 /* Position.swift in Sources */ = {isa = PBXBuildFile; fileRef = 091AC3D72B4A931F007E68F0 /* Position.swift */; };
		091AC3DA2B4A9443007E68F0 /* Server.swift in Sources */ = {isa = PBXBuildFile; fileRef = 091AC3D92B4A9443007E68F0 /* Server.swift */; };
		091AC3DC2B4A94E1007E68F0 /* Service.swift in Sources */ = {isa = PBXBuildFile; fileRef = 091AC3DB2B4A94E1007E68F0 /* Service.swift */; };
		091AC3DE2B4A95B8007E68F0 /* GetPoint.swift in Sources */ = {isa = PBXBuildFile; fileRef = 091AC3DD2B4A95B8007E68F0 /* GetPoint.swift */; };
		091AC3E02B4A961C007E68F0 /* Shot.swift in Sources */ = {isa = PBXBuildFile; fileRef = 091AC3DF2B4A961C007E68F0 /* Shot.swift */; };
		091AC3E22B4A96B1007E68F0 /* Whose.swift in Sources */ = {isa = PBXBuildFile; fileRef = 091AC3E12B4A96B1007E68F0 /* Whose.swift */; };
		0927E0A32B41A6A00069BEF1 /* TennisData5App.swift in Sources */ = {isa = PBXBuildFile; fileRef = 0927E0A22B41A6A00069BEF1 /* TennisData5App.swift */; };
		0927E0A52B41A6A00069BEF1 /* HomeTabView.swift in Sources */ = {isa = PBXBuildFile; fileRef = 0927E0A42B41A6A00069BEF1 /* HomeTabView.swift */; };
		0927E0A72B41A6A20069BEF1 /* Assets.xcassets in Resources */ = {isa = PBXBuildFile; fileRef = 0927E0A62B41A6A20069BEF1 /* Assets.xcassets */; };
		0927E0AA2B41A6A20069BEF1 /* Preview Assets.xcassets in Resources */ = {isa = PBXBuildFile; fileRef = 0927E0A92B41A6A20069BEF1 /* Preview Assets.xcassets */; };
		0927E0B42B41A6A20069BEF1 /* TennisData5Tests.swift in Sources */ = {isa = PBXBuildFile; fileRef = 0927E0B32B41A6A20069BEF1 /* TennisData5Tests.swift */; };
		0927E0BE2B41A6A20069BEF1 /* TennisData5UITests.swift in Sources */ = {isa = PBXBuildFile; fileRef = 0927E0BD2B41A6A20069BEF1 /* TennisData5UITests.swift */; };
		0927E0C02B41A6A20069BEF1 /* TennisData5UITestsLaunchTests.swift in Sources */ = {isa = PBXBuildFile; fileRef = 0927E0BF2B41A6A20069BEF1 /* TennisData5UITestsLaunchTests.swift */; };
		0927E0C62B41A6A20069BEF1 /* TennisData5 Watch App.app in Embed Watch Content */ = {isa = PBXBuildFile; fileRef = 0927E0C52B41A6A20069BEF1 /* TennisData5 Watch App.app */; settings = {ATTRIBUTES = (RemoveHeadersOnCopy, ); }; };
		0927E0CB2B41A6A20069BEF1 /* TennisData5App.swift in Sources */ = {isa = PBXBuildFile; fileRef = 0927E0CA2B41A6A20069BEF1 /* TennisData5App.swift */; };
		0927E0CF2B41A6A30069BEF1 /* Assets.xcassets in Resources */ = {isa = PBXBuildFile; fileRef = 0927E0CE2B41A6A30069BEF1 /* Assets.xcassets */; };
		0927E0D22B41A6A30069BEF1 /* Preview Assets.xcassets in Resources */ = {isa = PBXBuildFile; fileRef = 0927E0D12B41A6A30069BEF1 /* Preview Assets.xcassets */; };
		0927E0DC2B41A6A30069BEF1 /* TennisData5_Watch_AppTests.swift in Sources */ = {isa = PBXBuildFile; fileRef = 0927E0DB2B41A6A30069BEF1 /* TennisData5_Watch_AppTests.swift */; };
		0927E0E62B41A6A30069BEF1 /* TennisData5_Watch_AppUITests.swift in Sources */ = {isa = PBXBuildFile; fileRef = 0927E0E52B41A6A30069BEF1 /* TennisData5_Watch_AppUITests.swift */; };
		0927E0E82B41A6A30069BEF1 /* TennisData5_Watch_AppUITestsLaunchTests.swift in Sources */ = {isa = PBXBuildFile; fileRef = 0927E0E72B41A6A30069BEF1 /* TennisData5_Watch_AppUITestsLaunchTests.swift */; };
		0927E1012B41A7CE0069BEF1 /* MatchRecordView.swift in Sources */ = {isa = PBXBuildFile; fileRef = 0927E1002B41A7CE0069BEF1 /* MatchRecordView.swift */; };
		0927E1032B41A7F10069BEF1 /* DataAnalysisView.swift in Sources */ = {isa = PBXBuildFile; fileRef = 0927E1022B41A7F10069BEF1 /* DataAnalysisView.swift */; };
		0927E10B2B41A88B0069BEF1 /* HomeView.swift in Sources */ = {isa = PBXBuildFile; fileRef = 0927E10A2B41A88B0069BEF1 /* HomeView.swift */; };
		0927E10D2B41A8AB0069BEF1 /* StatsDataArea.swift in Sources */ = {isa = PBXBuildFile; fileRef = 0927E10C2B41A8AB0069BEF1 /* StatsDataArea.swift */; };
		092B2B3C2B5177620046BDBF /* PointViewModel.swift in Sources */ = {isa = PBXBuildFile; fileRef = 092B2B3B2B5177620046BDBF /* PointViewModel.swift */; };
		092B2B752B53C0B40046BDBF /* ServOrRet.swift in Sources */ = {isa = PBXBuildFile; fileRef = 092B2B742B53C0B40046BDBF /* ServOrRet.swift */; };
		0972295D2B53FA780046FAF8 /* LineChartView.swift in Sources */ = {isa = PBXBuildFile; fileRef = 0972295C2B53FA780046FAF8 /* LineChartView.swift */; };
		097229602B54022B0046FAF8 /* RealTimeDataView.swift in Sources */ = {isa = PBXBuildFile; fileRef = 0972295F2B54022B0046FAF8 /* RealTimeDataView.swift */; };
		097229642B550DB50046FAF8 /* PieChartView.swift in Sources */ = {isa = PBXBuildFile; fileRef = 097229632B550DB50046FAF8 /* PieChartView.swift */; };
		097229682B550F040046FAF8 /* PieChartDataModel.swift in Sources */ = {isa = PBXBuildFile; fileRef = 097229672B550F040046FAF8 /* PieChartDataModel.swift */; };
		0972296A2B564ACF0046FAF8 /* BarChartDataModel.swift in Sources */ = {isa = PBXBuildFile; fileRef = 097229692B564ACF0046FAF8 /* BarChartDataModel.swift */; };
		0972296C2B564BF60046FAF8 /* BarChartView.swift in Sources */ = {isa = PBXBuildFile; fileRef = 0972296B2B564BF60046FAF8 /* BarChartView.swift */; };
		0972296E2B5A617C0046FAF8 /* MatchInfoViewModel.swift in Sources */ = {isa = PBXBuildFile; fileRef = 0972296D2B5A617C0046FAF8 /* MatchInfoViewModel.swift */; };
		097229702B5A620B0046FAF8 /* PositionViewModel.swift in Sources */ = {isa = PBXBuildFile; fileRef = 0972296F2B5A620B0046FAF8 /* PositionViewModel.swift */; };
		097229742B5A63660046FAF8 /* ChartDataViewModel.swift in Sources */ = {isa = PBXBuildFile; fileRef = 097229732B5A63660046FAF8 /* ChartDataViewModel.swift */; };
		097229762B5A70850046FAF8 /* SnglsPositionBtnArea.swift in Sources */ = {isa = PBXBuildFile; fileRef = 097229752B5A70850046FAF8 /* SnglsPositionBtnArea.swift */; };
		097229782B5A70DE0046FAF8 /* DblsPositionBtnArea.swift in Sources */ = {isa = PBXBuildFile; fileRef = 097229772B5A70DE0046FAF8 /* DblsPositionBtnArea.swift */; };
		0972297A2B5A7CDD0046FAF8 /* ServOrRetArea.swift in Sources */ = {isa = PBXBuildFile; fileRef = 097229792B5A7CDD0046FAF8 /* ServOrRetArea.swift */; };
		0972297C2B5AA7810046FAF8 /* SnglsPointBtnArea.swift in Sources */ = {isa = PBXBuildFile; fileRef = 0972297B2B5AA7810046FAF8 /* SnglsPointBtnArea.swift */; };
		0972297E2B5AA79C0046FAF8 /* DblsPointBtnArea.swift in Sources */ = {isa = PBXBuildFile; fileRef = 0972297D2B5AA79C0046FAF8 /* DblsPointBtnArea.swift */; };
		097229822B5B73EA0046FAF8 /* HomeHeaderBar.swift in Sources */ = {isa = PBXBuildFile; fileRef = 097229812B5B73EA0046FAF8 /* HomeHeaderBar.swift */; };
		097229862B5D2DC70046FAF8 /* MatchRecordModel.swift in Sources */ = {isa = PBXBuildFile; fileRef = 097229852B5D2DC70046FAF8 /* MatchRecordModel.swift */; };
		097229882B5D359D0046FAF8 /* RecoadSearchViewModel.swift in Sources */ = {isa = PBXBuildFile; fileRef = 097229872B5D359D0046FAF8 /* RecoadSearchViewModel.swift */; };
		0972298B2B5F87380046FAF8 /* OneMatchDataView.swift in Sources */ = {isa = PBXBuildFile; fileRef = 0972298A2B5F87380046FAF8 /* OneMatchDataView.swift */; };
		0972298D2B5F89590046FAF8 /* NameAndScoreArea.swift in Sources */ = {isa = PBXBuildFile; fileRef = 0972298C2B5F89590046FAF8 /* NameAndScoreArea.swift */; };
		097229912B6122560046FAF8 /* LabelType.swift in Sources */ = {isa = PBXBuildFile; fileRef = 097229902B6122560046FAF8 /* LabelType.swift */; };
		097229932B61E04C0046FAF8 /* ChartsLayOutArea.swift in Sources */ = {isa = PBXBuildFile; fileRef = 097229922B61E04C0046FAF8 /* ChartsLayOutArea.swift */; };
		097229992B6244930046FAF8 /* DateExtention.swift in Sources */ = {isa = PBXBuildFile; fileRef = 097229982B6244930046FAF8 /* DateExtention.swift */; };
		0972299B2B6366410046FAF8 /* InputMode.swift in Sources */ = {isa = PBXBuildFile; fileRef = 0972299A2B6366410046FAF8 /* InputMode.swift */; };
		0972299D2B636EED0046FAF8 /* HomeView.swift in Sources */ = {isa = PBXBuildFile; fileRef = 0972299C2B636EED0046FAF8 /* HomeView.swift */; };
		097229B02B637E690046FAF8 /* BarChartDataModel.swift in Sources */ = {isa = PBXBuildFile; fileRef = 097229AB2B637E690046FAF8 /* BarChartDataModel.swift */; };
		097229B12B637E690046FAF8 /* PieChartDataModel.swift in Sources */ = {isa = PBXBuildFile; fileRef = 097229A92B637E690046FAF8 /* PieChartDataModel.swift */; };
		097229C22B637EA10046FAF8 /* Service.swift in Sources */ = {isa = PBXBuildFile; fileRef = 097229BF2B637EA10046FAF8 /* Service.swift */; };
		097229C42B637EA10046FAF8 /* GetPoint.swift in Sources */ = {isa = PBXBuildFile; fileRef = 097229BB2B637EA00046FAF8 /* GetPoint.swift */; };
		097229C52B637EA10046FAF8 /* LabelType.swift in Sources */ = {isa = PBXBuildFile; fileRef = 097229B82B637EA00046FAF8 /* LabelType.swift */; };
		097229C72B637EA10046FAF8 /* GameType.swift in Sources */ = {isa = PBXBuildFile; fileRef = 097229B92B637EA00046FAF8 /* GameType.swift */; };
		097229C82B637EA10046FAF8 /* Server.swift in Sources */ = {isa = PBXBuildFile; fileRef = 097229BE2B637EA10046FAF8 /* Server.swift */; };
		097229C92B637EA10046FAF8 /* InputMode.swift in Sources */ = {isa = PBXBuildFile; fileRef = 097229C12B637EA10046FAF8 /* InputMode.swift */; };
		097229CB2B637EA10046FAF8 /* Shot.swift in Sources */ = {isa = PBXBuildFile; fileRef = 097229C02B637EA10046FAF8 /* Shot.swift */; };
		097229CC2B637EA10046FAF8 /* ServOrRet.swift in Sources */ = {isa = PBXBuildFile; fileRef = 097229B42B637EA00046FAF8 /* ServOrRet.swift */; };
		097229CD2B637EA10046FAF8 /* MatchFormat.swift in Sources */ = {isa = PBXBuildFile; fileRef = 097229B72B637EA00046FAF8 /* MatchFormat.swift */; };
		097229CE2B637EA10046FAF8 /* Position.swift in Sources */ = {isa = PBXBuildFile; fileRef = 097229BA2B637EA00046FAF8 /* Position.swift */; };
		097229CF2B637EA10046FAF8 /* Whose.swift in Sources */ = {isa = PBXBuildFile; fileRef = 097229BC2B637EA00046FAF8 /* Whose.swift */; };
		097229D32B637EFF0046FAF8 /* DateExtention.swift in Sources */ = {isa = PBXBuildFile; fileRef = 097229D22B637EFF0046FAF8 /* DateExtention.swift */; };
		097229D52B63AAFE0046FAF8 /* MyNameAndScoreArea.swift in Sources */ = {isa = PBXBuildFile; fileRef = 097229D42B63AAFE0046FAF8 /* MyNameAndScoreArea.swift */; };
		097229D82B63D4A80046FAF8 /* MatchInfoViewModel.swift in Sources */ = {isa = PBXBuildFile; fileRef = 097229D72B63D4A80046FAF8 /* MatchInfoViewModel.swift */; };
		097229DA2B63D4DD0046FAF8 /* PositionViewModel.swift in Sources */ = {isa = PBXBuildFile; fileRef = 097229D92B63D4DD0046FAF8 /* PositionViewModel.swift */; };
		097229DC2B63D5000046FAF8 /* PointViewModel.swift in Sources */ = {isa = PBXBuildFile; fileRef = 097229DB2B63D5000046FAF8 /* PointViewModel.swift */; };
		097229DE2B63D51C0046FAF8 /* ChartDataViewModel.swift in Sources */ = {isa = PBXBuildFile; fileRef = 097229DD2B63D51C0046FAF8 /* ChartDataViewModel.swift */; };
		097229E62B63E1880046FAF8 /* DblsPointBtnArea.swift in Sources */ = {isa = PBXBuildFile; fileRef = 097229E22B63E1880046FAF8 /* DblsPointBtnArea.swift */; };
		097229E72B63E1880046FAF8 /* DblsPositionBtnArea.swift in Sources */ = {isa = PBXBuildFile; fileRef = 097229E52B63E1880046FAF8 /* DblsPositionBtnArea.swift */; };
		097229E92B63E1880046FAF8 /* ServOrRetArera.swift in Sources */ = {isa = PBXBuildFile; fileRef = 097229E32B63E1880046FAF8 /* ServOrRetArera.swift */; };
		097229EA2B63E1880046FAF8 /* SnglsPointBtnArea.swift in Sources */ = {isa = PBXBuildFile; fileRef = 097229E02B63E1880046FAF8 /* SnglsPointBtnArea.swift */; };
		097229EB2B63E1880046FAF8 /* SnglsPositionBtnArea.swift in Sources */ = {isa = PBXBuildFile; fileRef = 097229E12B63E1880046FAF8 /* SnglsPositionBtnArea.swift */; };
		097229EE2B65FD770046FAF8 /* PieChartView.swift in Sources */ = {isa = PBXBuildFile; fileRef = 097229ED2B65FD770046FAF8 /* PieChartView.swift */; };
		097229F02B65FD890046FAF8 /* BarChartView.swift in Sources */ = {isa = PBXBuildFile; fileRef = 097229EF2B65FD890046FAF8 /* BarChartView.swift */; };
		097229F22B65FDA10046FAF8 /* ChartsLayOutArea.swift in Sources */ = {isa = PBXBuildFile; fileRef = 097229F12B65FDA10046FAF8 /* ChartsLayOutArea.swift */; };
		097229F42B66831D0046FAF8 /* DataManageViewModel.swift in Sources */ = {isa = PBXBuildFile; fileRef = 097229F32B66831D0046FAF8 /* DataManageViewModel.swift */; };
		097229F62B69EEDE0046FAF8 /* Side.swift in Sources */ = {isa = PBXBuildFile; fileRef = 097229F52B69EEDE0046FAF8 /* Side.swift */; };
		097229F82B6A8CC50046FAF8 /* Tactics.swift in Sources */ = {isa = PBXBuildFile; fileRef = 097229F72B6A8CC50046FAF8 /* Tactics.swift */; };
		097229FA2B6E45F50046FAF8 /* WinLoseArray.swift in Sources */ = {isa = PBXBuildFile; fileRef = 097229F92B6E45F50046FAF8 /* WinLoseArray.swift */; };
		097229FC2B6E46640046FAF8 /* DateArray.swift in Sources */ = {isa = PBXBuildFile; fileRef = 097229FB2B6E46640046FAF8 /* DateArray.swift */; };
		097229FF2B6F968A0046FAF8 /* UserModel.swift in Sources */ = {isa = PBXBuildFile; fileRef = 097229FE2B6F968A0046FAF8 /* UserModel.swift */; };
		09722A012B6F97E00046FAF8 /* Dominant.swift in Sources */ = {isa = PBXBuildFile; fileRef = 09722A002B6F97E00046FAF8 /* Dominant.swift */; };
		09722A032B6F98560046FAF8 /* Gender.swift in Sources */ = {isa = PBXBuildFile; fileRef = 09722A022B6F98560046FAF8 /* Gender.swift */; };
		09722A052B6F990D0046FAF8 /* Relation.swift in Sources */ = {isa = PBXBuildFile; fileRef = 09722A042B6F990D0046FAF8 /* Relation.swift */; };
		09722A072B6F9B6B0046FAF8 /* UserViewModel.swift in Sources */ = {isa = PBXBuildFile; fileRef = 09722A062B6F9B6B0046FAF8 /* UserViewModel.swift */; };
		09722A092B6F9D270046FAF8 /* UserInfoPopup.swift in Sources */ = {isa = PBXBuildFile; fileRef = 09722A082B6F9D270046FAF8 /* UserInfoPopup.swift */; };
		09806D272B4F692B007638B7 /* PointGame.swift in Sources */ = {isa = PBXBuildFile; fileRef = 09806D262B4F692B007638B7 /* PointGame.swift */; };
		09992D4C2B5132200049B877 /* HomeDataViewModel.swift in Sources */ = {isa = PBXBuildFile; fileRef = 09992D4B2B5132200049B877 /* HomeDataViewModel.swift */; };
		09992D4E2B5134BE0049B877 /* Issue.swift in Sources */ = {isa = PBXBuildFile; fileRef = 09992D4D2B5134BE0049B877 /* Issue.swift */; };
		09BC06F62B42FECA008A44FD /* GameStartBtnsArea.swift in Sources */ = {isa = PBXBuildFile; fileRef = 09BC06F52B42FEC9008A44FD /* GameStartBtnsArea.swift */; };
		09BC06FD2B443736008A44FD /* MyNameAndScoreArea.swift in Sources */ = {isa = PBXBuildFile; fileRef = 09BC06FC2B443736008A44FD /* MyNameAndScoreArea.swift */; };
		09BC07002B444657008A44FD /* MatchTabView.swift in Sources */ = {isa = PBXBuildFile; fileRef = 09BC06FF2B444657008A44FD /* MatchTabView.swift */; };
		09BD52992B49871600EC347E /* LineChartDataModel.swift in Sources */ = {isa = PBXBuildFile; fileRef = 09BD52982B49871600EC347E /* LineChartDataModel.swift */; };
		239EB68C67D5C409E04843E8 /* Pods_TennisData5.framework in Frameworks */ = {isa = PBXBuildFile; fileRef = 073DB5AA7DCAA367816279FE /* Pods_TennisData5.framework */; };
		63112886C1EFA6849A683DAE /* Pods_TennisData5Tests.framework in Frameworks */ = {isa = PBXBuildFile; fileRef = 2C5A4F3FEC9C3304CCCCE5F7 /* Pods_TennisData5Tests.framework */; };
		73C965FB793AF59B3E32EEA8 /* Pods_TennisData5_TennisData5_Watch_AppUITests.framework in Frameworks */ = {isa = PBXBuildFile; fileRef = EFA53CCCF8D00FCE3847E407 /* Pods_TennisData5_TennisData5_Watch_AppUITests.framework */; };
		900D62C7B0A364B850957824 /* Pods_TennisData5_Watch_AppTests.framework in Frameworks */ = {isa = PBXBuildFile; fileRef = E45936527676F62360AF96D3 /* Pods_TennisData5_Watch_AppTests.framework */; };
		A60FEFBAD7E7080A121A0D10 /* Pods_TennisData5_TennisData5UITests.framework in Frameworks */ = {isa = PBXBuildFile; fileRef = 71A8B28FFF78C31F106535BA /* Pods_TennisData5_TennisData5UITests.framework */; };
/* End PBXBuildFile section */

/* Begin PBXContainerItemProxy section */
		0927E0B02B41A6A20069BEF1 /* PBXContainerItemProxy */ = {
			isa = PBXContainerItemProxy;
			containerPortal = 0927E0972B41A69F0069BEF1 /* Project object */;
			proxyType = 1;
			remoteGlobalIDString = 0927E09E2B41A69F0069BEF1;
			remoteInfo = TennisData5;
		};
		0927E0BA2B41A6A20069BEF1 /* PBXContainerItemProxy */ = {
			isa = PBXContainerItemProxy;
			containerPortal = 0927E0972B41A69F0069BEF1 /* Project object */;
			proxyType = 1;
			remoteGlobalIDString = 0927E09E2B41A69F0069BEF1;
			remoteInfo = TennisData5;
		};
		0927E0C72B41A6A20069BEF1 /* PBXContainerItemProxy */ = {
			isa = PBXContainerItemProxy;
			containerPortal = 0927E0972B41A69F0069BEF1 /* Project object */;
			proxyType = 1;
			remoteGlobalIDString = 0927E0C42B41A6A20069BEF1;
			remoteInfo = "TennisData5 Watch App";
		};
		0927E0D82B41A6A30069BEF1 /* PBXContainerItemProxy */ = {
			isa = PBXContainerItemProxy;
			containerPortal = 0927E0972B41A69F0069BEF1 /* Project object */;
			proxyType = 1;
			remoteGlobalIDString = 0927E0C42B41A6A20069BEF1;
			remoteInfo = "TennisData5 Watch App";
		};
		0927E0E22B41A6A30069BEF1 /* PBXContainerItemProxy */ = {
			isa = PBXContainerItemProxy;
			containerPortal = 0927E0972B41A69F0069BEF1 /* Project object */;
			proxyType = 1;
			remoteGlobalIDString = 0927E0C42B41A6A20069BEF1;
			remoteInfo = "TennisData5 Watch App";
		};
/* End PBXContainerItemProxy section */

/* Begin PBXCopyFilesBuildPhase section */
		0927E0EE2B41A6A30069BEF1 /* Embed Watch Content */ = {
			isa = PBXCopyFilesBuildPhase;
			buildActionMask = 2147483647;
			dstPath = "$(CONTENTS_FOLDER_PATH)/Watch";
			dstSubfolderSpec = 16;
			files = (
				0927E0C62B41A6A20069BEF1 /* TennisData5 Watch App.app in Embed Watch Content */,
			);
			name = "Embed Watch Content";
			runOnlyForDeploymentPostprocessing = 0;
		};
/* End PBXCopyFilesBuildPhase section */

/* Begin PBXFileReference section */
		073DB5AA7DCAA367816279FE /* Pods_TennisData5.framework */ = {isa = PBXFileReference; explicitFileType = wrapper.framework; includeInIndex = 0; path = Pods_TennisData5.framework; sourceTree = BUILT_PRODUCTS_DIR; };
		091AC3D12B4A57D9007E68F0 /* GameType.swift */ = {isa = PBXFileReference; lastKnownFileType = sourcecode.swift; path = GameType.swift; sourceTree = "<group>"; };
		091AC3D32B4A8AAE007E68F0 /* PointDataModel.swift */ = {isa = PBXFileReference; lastKnownFileType = sourcecode.swift; path = PointDataModel.swift; sourceTree = "<group>"; };
		091AC3D52B4A8C52007E68F0 /* MatchFormat.swift */ = {isa = PBXFileReference; lastKnownFileType = sourcecode.swift; path = MatchFormat.swift; sourceTree = "<group>"; };
		091AC3D72B4A931F007E68F0 /* Position.swift */ = {isa = PBXFileReference; lastKnownFileType = sourcecode.swift; path = Position.swift; sourceTree = "<group>"; };
		091AC3D92B4A9443007E68F0 /* Server.swift */ = {isa = PBXFileReference; lastKnownFileType = sourcecode.swift; path = Server.swift; sourceTree = "<group>"; };
		091AC3DB2B4A94E1007E68F0 /* Service.swift */ = {isa = PBXFileReference; lastKnownFileType = sourcecode.swift; path = Service.swift; sourceTree = "<group>"; };
		091AC3DD2B4A95B8007E68F0 /* GetPoint.swift */ = {isa = PBXFileReference; lastKnownFileType = sourcecode.swift; path = GetPoint.swift; sourceTree = "<group>"; };
		091AC3DF2B4A961C007E68F0 /* Shot.swift */ = {isa = PBXFileReference; lastKnownFileType = sourcecode.swift; path = Shot.swift; sourceTree = "<group>"; };
		091AC3E12B4A96B1007E68F0 /* Whose.swift */ = {isa = PBXFileReference; lastKnownFileType = sourcecode.swift; path = Whose.swift; sourceTree = "<group>"; };
		0927E09F2B41A6A00069BEF1 /* TennisData5.app */ = {isa = PBXFileReference; explicitFileType = wrapper.application; includeInIndex = 0; path = TennisData5.app; sourceTree = BUILT_PRODUCTS_DIR; };
		0927E0A22B41A6A00069BEF1 /* TennisData5App.swift */ = {isa = PBXFileReference; lastKnownFileType = sourcecode.swift; path = TennisData5App.swift; sourceTree = "<group>"; };
		0927E0A42B41A6A00069BEF1 /* HomeTabView.swift */ = {isa = PBXFileReference; lastKnownFileType = sourcecode.swift; path = HomeTabView.swift; sourceTree = "<group>"; };
		0927E0A62B41A6A20069BEF1 /* Assets.xcassets */ = {isa = PBXFileReference; lastKnownFileType = folder.assetcatalog; path = Assets.xcassets; sourceTree = "<group>"; };
		0927E0A92B41A6A20069BEF1 /* Preview Assets.xcassets */ = {isa = PBXFileReference; lastKnownFileType = folder.assetcatalog; path = "Preview Assets.xcassets"; sourceTree = "<group>"; };
		0927E0AF2B41A6A20069BEF1 /* TennisData5Tests.xctest */ = {isa = PBXFileReference; explicitFileType = wrapper.cfbundle; includeInIndex = 0; path = TennisData5Tests.xctest; sourceTree = BUILT_PRODUCTS_DIR; };
		0927E0B32B41A6A20069BEF1 /* TennisData5Tests.swift */ = {isa = PBXFileReference; lastKnownFileType = sourcecode.swift; path = TennisData5Tests.swift; sourceTree = "<group>"; };
		0927E0B92B41A6A20069BEF1 /* TennisData5UITests.xctest */ = {isa = PBXFileReference; explicitFileType = wrapper.cfbundle; includeInIndex = 0; path = TennisData5UITests.xctest; sourceTree = BUILT_PRODUCTS_DIR; };
		0927E0BD2B41A6A20069BEF1 /* TennisData5UITests.swift */ = {isa = PBXFileReference; lastKnownFileType = sourcecode.swift; path = TennisData5UITests.swift; sourceTree = "<group>"; };
		0927E0BF2B41A6A20069BEF1 /* TennisData5UITestsLaunchTests.swift */ = {isa = PBXFileReference; lastKnownFileType = sourcecode.swift; path = TennisData5UITestsLaunchTests.swift; sourceTree = "<group>"; };
		0927E0C52B41A6A20069BEF1 /* TennisData5 Watch App.app */ = {isa = PBXFileReference; explicitFileType = wrapper.application; includeInIndex = 0; path = "TennisData5 Watch App.app"; sourceTree = BUILT_PRODUCTS_DIR; };
		0927E0CA2B41A6A20069BEF1 /* TennisData5App.swift */ = {isa = PBXFileReference; lastKnownFileType = sourcecode.swift; path = TennisData5App.swift; sourceTree = "<group>"; };
		0927E0CE2B41A6A30069BEF1 /* Assets.xcassets */ = {isa = PBXFileReference; lastKnownFileType = folder.assetcatalog; path = Assets.xcassets; sourceTree = "<group>"; };
		0927E0D12B41A6A30069BEF1 /* Preview Assets.xcassets */ = {isa = PBXFileReference; lastKnownFileType = folder.assetcatalog; path = "Preview Assets.xcassets"; sourceTree = "<group>"; };
		0927E0D72B41A6A30069BEF1 /* TennisData5 Watch AppTests.xctest */ = {isa = PBXFileReference; explicitFileType = wrapper.cfbundle; includeInIndex = 0; path = "TennisData5 Watch AppTests.xctest"; sourceTree = BUILT_PRODUCTS_DIR; };
		0927E0DB2B41A6A30069BEF1 /* TennisData5_Watch_AppTests.swift */ = {isa = PBXFileReference; lastKnownFileType = sourcecode.swift; path = TennisData5_Watch_AppTests.swift; sourceTree = "<group>"; };
		0927E0E12B41A6A30069BEF1 /* TennisData5 Watch AppUITests.xctest */ = {isa = PBXFileReference; explicitFileType = wrapper.cfbundle; includeInIndex = 0; path = "TennisData5 Watch AppUITests.xctest"; sourceTree = BUILT_PRODUCTS_DIR; };
		0927E0E52B41A6A30069BEF1 /* TennisData5_Watch_AppUITests.swift */ = {isa = PBXFileReference; lastKnownFileType = sourcecode.swift; path = TennisData5_Watch_AppUITests.swift; sourceTree = "<group>"; };
		0927E0E72B41A6A30069BEF1 /* TennisData5_Watch_AppUITestsLaunchTests.swift */ = {isa = PBXFileReference; lastKnownFileType = sourcecode.swift; path = TennisData5_Watch_AppUITestsLaunchTests.swift; sourceTree = "<group>"; };
		0927E1002B41A7CE0069BEF1 /* MatchRecordView.swift */ = {isa = PBXFileReference; lastKnownFileType = sourcecode.swift; path = MatchRecordView.swift; sourceTree = "<group>"; };
		0927E1022B41A7F10069BEF1 /* DataAnalysisView.swift */ = {isa = PBXFileReference; lastKnownFileType = sourcecode.swift; path = DataAnalysisView.swift; sourceTree = "<group>"; };
		0927E10A2B41A88B0069BEF1 /* HomeView.swift */ = {isa = PBXFileReference; lastKnownFileType = sourcecode.swift; path = HomeView.swift; sourceTree = "<group>"; };
		0927E10C2B41A8AB0069BEF1 /* StatsDataArea.swift */ = {isa = PBXFileReference; lastKnownFileType = sourcecode.swift; path = StatsDataArea.swift; sourceTree = "<group>"; };
		092B2B3B2B5177620046BDBF /* PointViewModel.swift */ = {isa = PBXFileReference; lastKnownFileType = sourcecode.swift; path = PointViewModel.swift; sourceTree = "<group>"; };
		092B2B742B53C0B40046BDBF /* ServOrRet.swift */ = {isa = PBXFileReference; lastKnownFileType = sourcecode.swift; path = ServOrRet.swift; sourceTree = "<group>"; };
		0972295C2B53FA780046FAF8 /* LineChartView.swift */ = {isa = PBXFileReference; lastKnownFileType = sourcecode.swift; path = LineChartView.swift; sourceTree = "<group>"; };
		0972295F2B54022B0046FAF8 /* RealTimeDataView.swift */ = {isa = PBXFileReference; lastKnownFileType = sourcecode.swift; path = RealTimeDataView.swift; sourceTree = "<group>"; };
		097229632B550DB50046FAF8 /* PieChartView.swift */ = {isa = PBXFileReference; lastKnownFileType = sourcecode.swift; path = PieChartView.swift; sourceTree = "<group>"; };
		097229672B550F040046FAF8 /* PieChartDataModel.swift */ = {isa = PBXFileReference; lastKnownFileType = sourcecode.swift; path = PieChartDataModel.swift; sourceTree = "<group>"; };
		097229692B564ACF0046FAF8 /* BarChartDataModel.swift */ = {isa = PBXFileReference; lastKnownFileType = sourcecode.swift; path = BarChartDataModel.swift; sourceTree = "<group>"; };
		0972296B2B564BF60046FAF8 /* BarChartView.swift */ = {isa = PBXFileReference; lastKnownFileType = sourcecode.swift; path = BarChartView.swift; sourceTree = "<group>"; };
		0972296D2B5A617C0046FAF8 /* MatchInfoViewModel.swift */ = {isa = PBXFileReference; lastKnownFileType = sourcecode.swift; path = MatchInfoViewModel.swift; sourceTree = "<group>"; };
		0972296F2B5A620B0046FAF8 /* PositionViewModel.swift */ = {isa = PBXFileReference; lastKnownFileType = sourcecode.swift; path = PositionViewModel.swift; sourceTree = "<group>"; };
		097229732B5A63660046FAF8 /* ChartDataViewModel.swift */ = {isa = PBXFileReference; lastKnownFileType = sourcecode.swift; path = ChartDataViewModel.swift; sourceTree = "<group>"; };
		097229752B5A70850046FAF8 /* SnglsPositionBtnArea.swift */ = {isa = PBXFileReference; lastKnownFileType = sourcecode.swift; path = SnglsPositionBtnArea.swift; sourceTree = "<group>"; };
		097229772B5A70DE0046FAF8 /* DblsPositionBtnArea.swift */ = {isa = PBXFileReference; lastKnownFileType = sourcecode.swift; path = DblsPositionBtnArea.swift; sourceTree = "<group>"; };
		097229792B5A7CDD0046FAF8 /* ServOrRetArea.swift */ = {isa = PBXFileReference; lastKnownFileType = sourcecode.swift; path = ServOrRetArea.swift; sourceTree = "<group>"; };
		0972297B2B5AA7810046FAF8 /* SnglsPointBtnArea.swift */ = {isa = PBXFileReference; lastKnownFileType = sourcecode.swift; path = SnglsPointBtnArea.swift; sourceTree = "<group>"; };
		0972297D2B5AA79C0046FAF8 /* DblsPointBtnArea.swift */ = {isa = PBXFileReference; lastKnownFileType = sourcecode.swift; path = DblsPointBtnArea.swift; sourceTree = "<group>"; };
		097229812B5B73EA0046FAF8 /* HomeHeaderBar.swift */ = {isa = PBXFileReference; fileEncoding = 4; lastKnownFileType = sourcecode.swift; path = HomeHeaderBar.swift; sourceTree = "<group>"; };
		097229852B5D2DC70046FAF8 /* MatchRecordModel.swift */ = {isa = PBXFileReference; lastKnownFileType = sourcecode.swift; path = MatchRecordModel.swift; sourceTree = "<group>"; };
		097229872B5D359D0046FAF8 /* RecoadSearchViewModel.swift */ = {isa = PBXFileReference; lastKnownFileType = sourcecode.swift; path = RecoadSearchViewModel.swift; sourceTree = "<group>"; };
		0972298A2B5F87380046FAF8 /* OneMatchDataView.swift */ = {isa = PBXFileReference; lastKnownFileType = sourcecode.swift; path = OneMatchDataView.swift; sourceTree = "<group>"; };
		0972298C2B5F89590046FAF8 /* NameAndScoreArea.swift */ = {isa = PBXFileReference; lastKnownFileType = sourcecode.swift; path = NameAndScoreArea.swift; sourceTree = "<group>"; };
		097229902B6122560046FAF8 /* LabelType.swift */ = {isa = PBXFileReference; lastKnownFileType = sourcecode.swift; path = LabelType.swift; sourceTree = "<group>"; };
		097229922B61E04C0046FAF8 /* ChartsLayOutArea.swift */ = {isa = PBXFileReference; lastKnownFileType = sourcecode.swift; path = ChartsLayOutArea.swift; sourceTree = "<group>"; };
		097229982B6244930046FAF8 /* DateExtention.swift */ = {isa = PBXFileReference; lastKnownFileType = sourcecode.swift; path = DateExtention.swift; sourceTree = "<group>"; };
		0972299A2B6366410046FAF8 /* InputMode.swift */ = {isa = PBXFileReference; lastKnownFileType = sourcecode.swift; path = InputMode.swift; sourceTree = "<group>"; };
		0972299C2B636EED0046FAF8 /* HomeView.swift */ = {isa = PBXFileReference; lastKnownFileType = sourcecode.swift; path = HomeView.swift; sourceTree = "<group>"; };
		097229A92B637E690046FAF8 /* PieChartDataModel.swift */ = {isa = PBXFileReference; lastKnownFileType = sourcecode.swift; path = PieChartDataModel.swift; sourceTree = "<group>"; };
		097229AB2B637E690046FAF8 /* BarChartDataModel.swift */ = {isa = PBXFileReference; lastKnownFileType = sourcecode.swift; path = BarChartDataModel.swift; sourceTree = "<group>"; };
		097229B42B637EA00046FAF8 /* ServOrRet.swift */ = {isa = PBXFileReference; lastKnownFileType = sourcecode.swift; path = ServOrRet.swift; sourceTree = "<group>"; };
		097229B72B637EA00046FAF8 /* MatchFormat.swift */ = {isa = PBXFileReference; lastKnownFileType = sourcecode.swift; path = MatchFormat.swift; sourceTree = "<group>"; };
		097229B82B637EA00046FAF8 /* LabelType.swift */ = {isa = PBXFileReference; lastKnownFileType = sourcecode.swift; path = LabelType.swift; sourceTree = "<group>"; };
		097229B92B637EA00046FAF8 /* GameType.swift */ = {isa = PBXFileReference; lastKnownFileType = sourcecode.swift; path = GameType.swift; sourceTree = "<group>"; };
		097229BA2B637EA00046FAF8 /* Position.swift */ = {isa = PBXFileReference; lastKnownFileType = sourcecode.swift; path = Position.swift; sourceTree = "<group>"; };
		097229BB2B637EA00046FAF8 /* GetPoint.swift */ = {isa = PBXFileReference; lastKnownFileType = sourcecode.swift; path = GetPoint.swift; sourceTree = "<group>"; };
		097229BC2B637EA00046FAF8 /* Whose.swift */ = {isa = PBXFileReference; lastKnownFileType = sourcecode.swift; path = Whose.swift; sourceTree = "<group>"; };
		097229BE2B637EA10046FAF8 /* Server.swift */ = {isa = PBXFileReference; lastKnownFileType = sourcecode.swift; path = Server.swift; sourceTree = "<group>"; };
		097229BF2B637EA10046FAF8 /* Service.swift */ = {isa = PBXFileReference; lastKnownFileType = sourcecode.swift; path = Service.swift; sourceTree = "<group>"; };
		097229C02B637EA10046FAF8 /* Shot.swift */ = {isa = PBXFileReference; lastKnownFileType = sourcecode.swift; path = Shot.swift; sourceTree = "<group>"; };
		097229C12B637EA10046FAF8 /* InputMode.swift */ = {isa = PBXFileReference; lastKnownFileType = sourcecode.swift; path = InputMode.swift; sourceTree = "<group>"; };
		097229D22B637EFF0046FAF8 /* DateExtention.swift */ = {isa = PBXFileReference; lastKnownFileType = sourcecode.swift; path = DateExtention.swift; sourceTree = "<group>"; };
		097229D42B63AAFE0046FAF8 /* MyNameAndScoreArea.swift */ = {isa = PBXFileReference; lastKnownFileType = sourcecode.swift; name = MyNameAndScoreArea.swift; path = ../MyNameAndScoreArea.swift; sourceTree = "<group>"; };
		097229D72B63D4A80046FAF8 /* MatchInfoViewModel.swift */ = {isa = PBXFileReference; lastKnownFileType = sourcecode.swift; path = MatchInfoViewModel.swift; sourceTree = "<group>"; };
		097229D92B63D4DD0046FAF8 /* PositionViewModel.swift */ = {isa = PBXFileReference; lastKnownFileType = sourcecode.swift; path = PositionViewModel.swift; sourceTree = "<group>"; };
		097229DB2B63D5000046FAF8 /* PointViewModel.swift */ = {isa = PBXFileReference; lastKnownFileType = sourcecode.swift; path = PointViewModel.swift; sourceTree = "<group>"; };
		097229DD2B63D51C0046FAF8 /* ChartDataViewModel.swift */ = {isa = PBXFileReference; lastKnownFileType = sourcecode.swift; path = ChartDataViewModel.swift; sourceTree = "<group>"; };
		097229E02B63E1880046FAF8 /* SnglsPointBtnArea.swift */ = {isa = PBXFileReference; lastKnownFileType = sourcecode.swift; path = SnglsPointBtnArea.swift; sourceTree = "<group>"; };
		097229E12B63E1880046FAF8 /* SnglsPositionBtnArea.swift */ = {isa = PBXFileReference; lastKnownFileType = sourcecode.swift; path = SnglsPositionBtnArea.swift; sourceTree = "<group>"; };
		097229E22B63E1880046FAF8 /* DblsPointBtnArea.swift */ = {isa = PBXFileReference; lastKnownFileType = sourcecode.swift; path = DblsPointBtnArea.swift; sourceTree = "<group>"; };
		097229E32B63E1880046FAF8 /* ServOrRetArera.swift */ = {isa = PBXFileReference; lastKnownFileType = sourcecode.swift; path = ServOrRetArera.swift; sourceTree = "<group>"; };
		097229E52B63E1880046FAF8 /* DblsPositionBtnArea.swift */ = {isa = PBXFileReference; lastKnownFileType = sourcecode.swift; path = DblsPositionBtnArea.swift; sourceTree = "<group>"; };
		097229ED2B65FD770046FAF8 /* PieChartView.swift */ = {isa = PBXFileReference; lastKnownFileType = sourcecode.swift; path = PieChartView.swift; sourceTree = "<group>"; };
		097229EF2B65FD890046FAF8 /* BarChartView.swift */ = {isa = PBXFileReference; lastKnownFileType = sourcecode.swift; path = BarChartView.swift; sourceTree = "<group>"; };
		097229F12B65FDA10046FAF8 /* ChartsLayOutArea.swift */ = {isa = PBXFileReference; lastKnownFileType = sourcecode.swift; path = ChartsLayOutArea.swift; sourceTree = "<group>"; };
		097229F32B66831D0046FAF8 /* DataManageViewModel.swift */ = {isa = PBXFileReference; lastKnownFileType = sourcecode.swift; path = DataManageViewModel.swift; sourceTree = "<group>"; };
		097229F52B69EEDE0046FAF8 /* Side.swift */ = {isa = PBXFileReference; lastKnownFileType = sourcecode.swift; path = Side.swift; sourceTree = "<group>"; };
		097229F72B6A8CC50046FAF8 /* Tactics.swift */ = {isa = PBXFileReference; lastKnownFileType = sourcecode.swift; path = Tactics.swift; sourceTree = "<group>"; };
		097229F92B6E45F50046FAF8 /* WinLoseArray.swift */ = {isa = PBXFileReference; lastKnownFileType = sourcecode.swift; path = WinLoseArray.swift; sourceTree = "<group>"; };
		097229FB2B6E46640046FAF8 /* DateArray.swift */ = {isa = PBXFileReference; lastKnownFileType = sourcecode.swift; path = DateArray.swift; sourceTree = "<group>"; };
		097229FE2B6F968A0046FAF8 /* UserModel.swift */ = {isa = PBXFileReference; lastKnownFileType = sourcecode.swift; path = UserModel.swift; sourceTree = "<group>"; };
		09722A002B6F97E00046FAF8 /* Dominant.swift */ = {isa = PBXFileReference; lastKnownFileType = sourcecode.swift; path = Dominant.swift; sourceTree = "<group>"; };
		09722A022B6F98560046FAF8 /* Gender.swift */ = {isa = PBXFileReference; lastKnownFileType = sourcecode.swift; path = Gender.swift; sourceTree = "<group>"; };
		09722A042B6F990D0046FAF8 /* Relation.swift */ = {isa = PBXFileReference; lastKnownFileType = sourcecode.swift; path = Relation.swift; sourceTree = "<group>"; };
		09722A062B6F9B6B0046FAF8 /* UserViewModel.swift */ = {isa = PBXFileReference; lastKnownFileType = sourcecode.swift; path = UserViewModel.swift; sourceTree = "<group>"; };
		09722A082B6F9D270046FAF8 /* UserInfoPopup.swift */ = {isa = PBXFileReference; lastKnownFileType = sourcecode.swift; path = UserInfoPopup.swift; sourceTree = "<group>"; };
		09806D262B4F692B007638B7 /* PointGame.swift */ = {isa = PBXFileReference; lastKnownFileType = sourcecode.swift; path = PointGame.swift; sourceTree = "<group>"; };
		09992D4B2B5132200049B877 /* HomeDataViewModel.swift */ = {isa = PBXFileReference; lastKnownFileType = sourcecode.swift; path = HomeDataViewModel.swift; sourceTree = "<group>"; };
		09992D4D2B5134BE0049B877 /* Issue.swift */ = {isa = PBXFileReference; lastKnownFileType = sourcecode.swift; path = Issue.swift; sourceTree = "<group>"; };
		09BC06F52B42FEC9008A44FD /* GameStartBtnsArea.swift */ = {isa = PBXFileReference; lastKnownFileType = sourcecode.swift; path = GameStartBtnsArea.swift; sourceTree = "<group>"; };
		09BC06FC2B443736008A44FD /* MyNameAndScoreArea.swift */ = {isa = PBXFileReference; lastKnownFileType = sourcecode.swift; path = MyNameAndScoreArea.swift; sourceTree = "<group>"; };
		09BC06FF2B444657008A44FD /* MatchTabView.swift */ = {isa = PBXFileReference; lastKnownFileType = sourcecode.swift; path = MatchTabView.swift; sourceTree = "<group>"; };
		09BD52982B49871600EC347E /* LineChartDataModel.swift */ = {isa = PBXFileReference; lastKnownFileType = sourcecode.swift; path = LineChartDataModel.swift; sourceTree = "<group>"; };
		1DD891B8B5AC7081C5F0CE99 /* Pods-TennisData5 Watch AppTests.release.xcconfig */ = {isa = PBXFileReference; includeInIndex = 1; lastKnownFileType = text.xcconfig; name = "Pods-TennisData5 Watch AppTests.release.xcconfig"; path = "Target Support Files/Pods-TennisData5 Watch AppTests/Pods-TennisData5 Watch AppTests.release.xcconfig"; sourceTree = "<group>"; };
		2C5A4F3FEC9C3304CCCCE5F7 /* Pods_TennisData5Tests.framework */ = {isa = PBXFileReference; explicitFileType = wrapper.framework; includeInIndex = 0; path = Pods_TennisData5Tests.framework; sourceTree = BUILT_PRODUCTS_DIR; };
		43D86F11D09C09DBD154E658 /* Pods-TennisData5 Watch AppTests.debug.xcconfig */ = {isa = PBXFileReference; includeInIndex = 1; lastKnownFileType = text.xcconfig; name = "Pods-TennisData5 Watch AppTests.debug.xcconfig"; path = "Target Support Files/Pods-TennisData5 Watch AppTests/Pods-TennisData5 Watch AppTests.debug.xcconfig"; sourceTree = "<group>"; };
		4AF2DEA21EC7FFC73F0C71F4 /* Pods-TennisData5.release.xcconfig */ = {isa = PBXFileReference; includeInIndex = 1; lastKnownFileType = text.xcconfig; name = "Pods-TennisData5.release.xcconfig"; path = "Target Support Files/Pods-TennisData5/Pods-TennisData5.release.xcconfig"; sourceTree = "<group>"; };
		55B1D84AE920A51E4224B0AB /* Pods-TennisData5-TennisData5UITests.release.xcconfig */ = {isa = PBXFileReference; includeInIndex = 1; lastKnownFileType = text.xcconfig; name = "Pods-TennisData5-TennisData5UITests.release.xcconfig"; path = "Target Support Files/Pods-TennisData5-TennisData5UITests/Pods-TennisData5-TennisData5UITests.release.xcconfig"; sourceTree = "<group>"; };
		631C4D07D578DB6EC73097F9 /* Pods-TennisData5-TennisData5 Watch AppUITests.debug.xcconfig */ = {isa = PBXFileReference; includeInIndex = 1; lastKnownFileType = text.xcconfig; name = "Pods-TennisData5-TennisData5 Watch AppUITests.debug.xcconfig"; path = "Target Support Files/Pods-TennisData5-TennisData5 Watch AppUITests/Pods-TennisData5-TennisData5 Watch AppUITests.debug.xcconfig"; sourceTree = "<group>"; };
		71A8B28FFF78C31F106535BA /* Pods_TennisData5_TennisData5UITests.framework */ = {isa = PBXFileReference; explicitFileType = wrapper.framework; includeInIndex = 0; path = Pods_TennisData5_TennisData5UITests.framework; sourceTree = BUILT_PRODUCTS_DIR; };
		89A79B85A0A1C6D9E49A58DC /* Pods-TennisData5Tests.debug.xcconfig */ = {isa = PBXFileReference; includeInIndex = 1; lastKnownFileType = text.xcconfig; name = "Pods-TennisData5Tests.debug.xcconfig"; path = "Target Support Files/Pods-TennisData5Tests/Pods-TennisData5Tests.debug.xcconfig"; sourceTree = "<group>"; };
		C26DA8F12FE0E41596A59D0B /* Pods-TennisData5.debug.xcconfig */ = {isa = PBXFileReference; includeInIndex = 1; lastKnownFileType = text.xcconfig; name = "Pods-TennisData5.debug.xcconfig"; path = "Target Support Files/Pods-TennisData5/Pods-TennisData5.debug.xcconfig"; sourceTree = "<group>"; };
		D241B2756B3D6760FCED04C2 /* Pods-TennisData5Tests.release.xcconfig */ = {isa = PBXFileReference; includeInIndex = 1; lastKnownFileType = text.xcconfig; name = "Pods-TennisData5Tests.release.xcconfig"; path = "Target Support Files/Pods-TennisData5Tests/Pods-TennisData5Tests.release.xcconfig"; sourceTree = "<group>"; };
		E1DE1758E970453C0CA1F284 /* Pods-TennisData5-TennisData5 Watch AppUITests.release.xcconfig */ = {isa = PBXFileReference; includeInIndex = 1; lastKnownFileType = text.xcconfig; name = "Pods-TennisData5-TennisData5 Watch AppUITests.release.xcconfig"; path = "Target Support Files/Pods-TennisData5-TennisData5 Watch AppUITests/Pods-TennisData5-TennisData5 Watch AppUITests.release.xcconfig"; sourceTree = "<group>"; };
		E45936527676F62360AF96D3 /* Pods_TennisData5_Watch_AppTests.framework */ = {isa = PBXFileReference; explicitFileType = wrapper.framework; includeInIndex = 0; path = Pods_TennisData5_Watch_AppTests.framework; sourceTree = BUILT_PRODUCTS_DIR; };
		EFA53CCCF8D00FCE3847E407 /* Pods_TennisData5_TennisData5_Watch_AppUITests.framework */ = {isa = PBXFileReference; explicitFileType = wrapper.framework; includeInIndex = 0; path = Pods_TennisData5_TennisData5_Watch_AppUITests.framework; sourceTree = BUILT_PRODUCTS_DIR; };
		F8E5D8AE9133F36E1B556480 /* Pods-TennisData5-TennisData5UITests.debug.xcconfig */ = {isa = PBXFileReference; includeInIndex = 1; lastKnownFileType = text.xcconfig; name = "Pods-TennisData5-TennisData5UITests.debug.xcconfig"; path = "Target Support Files/Pods-TennisData5-TennisData5UITests/Pods-TennisData5-TennisData5UITests.debug.xcconfig"; sourceTree = "<group>"; };
/* End PBXFileReference section */

/* Begin PBXFrameworksBuildPhase section */
		0927E09C2B41A69F0069BEF1 /* Frameworks */ = {
			isa = PBXFrameworksBuildPhase;
			buildActionMask = 2147483647;
			files = (
				239EB68C67D5C409E04843E8 /* Pods_TennisData5.framework in Frameworks */,
			);
			runOnlyForDeploymentPostprocessing = 0;
		};
		0927E0AC2B41A6A20069BEF1 /* Frameworks */ = {
			isa = PBXFrameworksBuildPhase;
			buildActionMask = 2147483647;
			files = (
				63112886C1EFA6849A683DAE /* Pods_TennisData5Tests.framework in Frameworks */,
			);
			runOnlyForDeploymentPostprocessing = 0;
		};
		0927E0B62B41A6A20069BEF1 /* Frameworks */ = {
			isa = PBXFrameworksBuildPhase;
			buildActionMask = 2147483647;
			files = (
				A60FEFBAD7E7080A121A0D10 /* Pods_TennisData5_TennisData5UITests.framework in Frameworks */,
			);
			runOnlyForDeploymentPostprocessing = 0;
		};
		0927E0C22B41A6A20069BEF1 /* Frameworks */ = {
			isa = PBXFrameworksBuildPhase;
			buildActionMask = 2147483647;
			files = (
			);
			runOnlyForDeploymentPostprocessing = 0;
		};
		0927E0D42B41A6A30069BEF1 /* Frameworks */ = {
			isa = PBXFrameworksBuildPhase;
			buildActionMask = 2147483647;
			files = (
				900D62C7B0A364B850957824 /* Pods_TennisData5_Watch_AppTests.framework in Frameworks */,
			);
			runOnlyForDeploymentPostprocessing = 0;
		};
		0927E0DE2B41A6A30069BEF1 /* Frameworks */ = {
			isa = PBXFrameworksBuildPhase;
			buildActionMask = 2147483647;
			files = (
				73C965FB793AF59B3E32EEA8 /* Pods_TennisData5_TennisData5_Watch_AppUITests.framework in Frameworks */,
			);
			runOnlyForDeploymentPostprocessing = 0;
		};
/* End PBXFrameworksBuildPhase section */

/* Begin PBXGroup section */
		091AC3E52B4AE46F007E68F0 /* enum */ = {
			isa = PBXGroup;
			children = (
				09992D4D2B5134BE0049B877 /* Issue.swift */,
				091AC3D52B4A8C52007E68F0 /* MatchFormat.swift */,
				091AC3D12B4A57D9007E68F0 /* GameType.swift */,
				092B2B742B53C0B40046BDBF /* ServOrRet.swift */,
				097229F52B69EEDE0046FAF8 /* Side.swift */,
				091AC3D72B4A931F007E68F0 /* Position.swift */,
				091AC3D92B4A9443007E68F0 /* Server.swift */,
				091AC3DB2B4A94E1007E68F0 /* Service.swift */,
				091AC3DF2B4A961C007E68F0 /* Shot.swift */,
				091AC3E12B4A96B1007E68F0 /* Whose.swift */,
				091AC3DD2B4A95B8007E68F0 /* GetPoint.swift */,
				097229902B6122560046FAF8 /* LabelType.swift */,
				0972299A2B6366410046FAF8 /* InputMode.swift */,
				097229F72B6A8CC50046FAF8 /* Tactics.swift */,
				09722A002B6F97E00046FAF8 /* Dominant.swift */,
				09722A022B6F98560046FAF8 /* Gender.swift */,
				09722A042B6F990D0046FAF8 /* Relation.swift */,
			);
			path = enum;
			sourceTree = "<group>";
		};
		0927E0962B41A69F0069BEF1 = {
			isa = PBXGroup;
			children = (
				0927E0A12B41A6A00069BEF1 /* TennisData5 */,
				0927E0B22B41A6A20069BEF1 /* TennisData5Tests */,
				0927E0BC2B41A6A20069BEF1 /* TennisData5UITests */,
				0927E0C92B41A6A20069BEF1 /* TennisData5 Watch App */,
				0927E0DA2B41A6A30069BEF1 /* TennisData5 Watch AppTests */,
				0927E0E42B41A6A30069BEF1 /* TennisData5 Watch AppUITests */,
				0927E0A02B41A6A00069BEF1 /* Products */,
				D26F8F2A97F4C746D4171431 /* Pods */,
				D11CF3C71DDB29837A6B5097 /* Frameworks */,
			);
			sourceTree = "<group>";
		};
		0927E0A02B41A6A00069BEF1 /* Products */ = {
			isa = PBXGroup;
			children = (
				0927E09F2B41A6A00069BEF1 /* TennisData5.app */,
				0927E0AF2B41A6A20069BEF1 /* TennisData5Tests.xctest */,
				0927E0B92B41A6A20069BEF1 /* TennisData5UITests.xctest */,
				0927E0C52B41A6A20069BEF1 /* TennisData5 Watch App.app */,
				0927E0D72B41A6A30069BEF1 /* TennisData5 Watch AppTests.xctest */,
				0927E0E12B41A6A30069BEF1 /* TennisData5 Watch AppUITests.xctest */,
			);
			name = Products;
			sourceTree = "<group>";
		};
		0927E0A12B41A6A00069BEF1 /* TennisData5 */ = {
			isa = PBXGroup;
			children = (
				097229982B6244930046FAF8 /* DateExtention.swift */,
				092B2B3A2B5177370046BDBF /* ViewModel */,
				091AC3E52B4AE46F007E68F0 /* enum */,
				09BC07052B447BD9008A44FD /* Model */,
				097229FD2B6F766E0046FAF8 /* RealmModel */,
				0927E0FE2B41A7390069BEF1 /* View */,
				0927E0A62B41A6A20069BEF1 /* Assets.xcassets */,
				0927E0A82B41A6A20069BEF1 /* Preview Content */,
			);
			path = TennisData5;
			sourceTree = "<group>";
		};
		0927E0A82B41A6A20069BEF1 /* Preview Content */ = {
			isa = PBXGroup;
			children = (
				0927E0A92B41A6A20069BEF1 /* Preview Assets.xcassets */,
			);
			path = "Preview Content";
			sourceTree = "<group>";
		};
		0927E0B22B41A6A20069BEF1 /* TennisData5Tests */ = {
			isa = PBXGroup;
			children = (
				0927E0B32B41A6A20069BEF1 /* TennisData5Tests.swift */,
			);
			path = TennisData5Tests;
			sourceTree = "<group>";
		};
		0927E0BC2B41A6A20069BEF1 /* TennisData5UITests */ = {
			isa = PBXGroup;
			children = (
				0927E0BD2B41A6A20069BEF1 /* TennisData5UITests.swift */,
				0927E0BF2B41A6A20069BEF1 /* TennisData5UITestsLaunchTests.swift */,
			);
			path = TennisData5UITests;
			sourceTree = "<group>";
		};
		0927E0C92B41A6A20069BEF1 /* TennisData5 Watch App */ = {
			isa = PBXGroup;
			children = (
				097229D22B637EFF0046FAF8 /* DateExtention.swift */,
				097229D62B63D4850046FAF8 /* ViewModel */,
				097229A82B637E690046FAF8 /* Model */,
				097229B32B637EA00046FAF8 /* enum */,
				097229A22B637DA50046FAF8 /* View */,
				0927E0CA2B41A6A20069BEF1 /* TennisData5App.swift */,
				0927E0CE2B41A6A30069BEF1 /* Assets.xcassets */,
				0927E0D02B41A6A30069BEF1 /* Preview Content */,
			);
			path = "TennisData5 Watch App";
			sourceTree = "<group>";
		};
		0927E0D02B41A6A30069BEF1 /* Preview Content */ = {
			isa = PBXGroup;
			children = (
				0927E0D12B41A6A30069BEF1 /* Preview Assets.xcassets */,
			);
			path = "Preview Content";
			sourceTree = "<group>";
		};
		0927E0DA2B41A6A30069BEF1 /* TennisData5 Watch AppTests */ = {
			isa = PBXGroup;
			children = (
				0927E0DB2B41A6A30069BEF1 /* TennisData5_Watch_AppTests.swift */,
			);
			path = "TennisData5 Watch AppTests";
			sourceTree = "<group>";
		};
		0927E0E42B41A6A30069BEF1 /* TennisData5 Watch AppUITests */ = {
			isa = PBXGroup;
			children = (
				0927E0E52B41A6A30069BEF1 /* TennisData5_Watch_AppUITests.swift */,
				0927E0E72B41A6A30069BEF1 /* TennisData5_Watch_AppUITestsLaunchTests.swift */,
			);
			path = "TennisData5 Watch AppUITests";
			sourceTree = "<group>";
		};
		0927E0FE2B41A7390069BEF1 /* View */ = {
			isa = PBXGroup;
			children = (
				0927E0A22B41A6A00069BEF1 /* TennisData5App.swift */,
				0927E0A42B41A6A00069BEF1 /* HomeTabView.swift */,
				0927E0FF2B41A7B40069BEF1 /* HomeView */,
				097229892B5F86EC0046FAF8 /* MatchRecordView */,
				0927E1022B41A7F10069BEF1 /* DataAnalysisView.swift */,
				0972298C2B5F89590046FAF8 /* NameAndScoreArea.swift */,
				0972295E2B53FEA30046FAF8 /* ChartView */,
			);
			path = View;
			sourceTree = "<group>";
		};
		0927E0FF2B41A7B40069BEF1 /* HomeView */ = {
			isa = PBXGroup;
			children = (
				0927E10A2B41A88B0069BEF1 /* HomeView.swift */,
				097229812B5B73EA0046FAF8 /* HomeHeaderBar.swift */,
				0927E10C2B41A8AB0069BEF1 /* StatsDataArea.swift */,
				09BC06F52B42FEC9008A44FD /* GameStartBtnsArea.swift */,
				09722A082B6F9D270046FAF8 /* UserInfoPopup.swift */,
				09BC06FE2B44463D008A44FD /* MatchView */,
			);
			path = HomeView;
			sourceTree = "<group>";
		};
		092B2B392B516A270046BDBF /* Area */ = {
			isa = PBXGroup;
			children = (
				09BC06FC2B443736008A44FD /* MyNameAndScoreArea.swift */,
				097229792B5A7CDD0046FAF8 /* ServOrRetArea.swift */,
				097229752B5A70850046FAF8 /* SnglsPositionBtnArea.swift */,
				097229772B5A70DE0046FAF8 /* DblsPositionBtnArea.swift */,
				0972297B2B5AA7810046FAF8 /* SnglsPointBtnArea.swift */,
				0972297D2B5AA79C0046FAF8 /* DblsPointBtnArea.swift */,
			);
			path = Area;
			sourceTree = "<group>";
		};
		092B2B3A2B5177370046BDBF /* ViewModel */ = {
			isa = PBXGroup;
			children = (
				09992D4B2B5132200049B877 /* HomeDataViewModel.swift */,
				0972296D2B5A617C0046FAF8 /* MatchInfoViewModel.swift */,
				0972296F2B5A620B0046FAF8 /* PositionViewModel.swift */,
				092B2B3B2B5177620046BDBF /* PointViewModel.swift */,
				097229732B5A63660046FAF8 /* ChartDataViewModel.swift */,
				097229872B5D359D0046FAF8 /* RecoadSearchViewModel.swift */,
				097229F32B66831D0046FAF8 /* DataManageViewModel.swift */,
				09722A062B6F9B6B0046FAF8 /* UserViewModel.swift */,
			);
			path = ViewModel;
			sourceTree = "<group>";
		};
		0972295E2B53FEA30046FAF8 /* ChartView */ = {
			isa = PBXGroup;
			children = (
				0972295C2B53FA780046FAF8 /* LineChartView.swift */,
				097229632B550DB50046FAF8 /* PieChartView.swift */,
				0972296B2B564BF60046FAF8 /* BarChartView.swift */,
				097229922B61E04C0046FAF8 /* ChartsLayOutArea.swift */,
			);
			path = ChartView;
			sourceTree = "<group>";
		};
		097229892B5F86EC0046FAF8 /* MatchRecordView */ = {
			isa = PBXGroup;
			children = (
				0927E1002B41A7CE0069BEF1 /* MatchRecordView.swift */,
				0972298A2B5F87380046FAF8 /* OneMatchDataView.swift */,
			);
			path = MatchRecordView;
			sourceTree = "<group>";
		};
		097229A22B637DA50046FAF8 /* View */ = {
			isa = PBXGroup;
			children = (
				097229EC2B65FD510046FAF8 /* ChartView */,
				097229DF2B63E1870046FAF8 /* Area */,
				0972299C2B636EED0046FAF8 /* HomeView.swift */,
			);
			path = View;
			sourceTree = "<group>";
		};
		097229A82B637E690046FAF8 /* Model */ = {
			isa = PBXGroup;
			children = (
				097229A92B637E690046FAF8 /* PieChartDataModel.swift */,
				097229AB2B637E690046FAF8 /* BarChartDataModel.swift */,
			);
			path = Model;
			sourceTree = "<group>";
		};
		097229B32B637EA00046FAF8 /* enum */ = {
			isa = PBXGroup;
			children = (
				097229B72B637EA00046FAF8 /* MatchFormat.swift */,
				097229BE2B637EA10046FAF8 /* Server.swift */,
				097229BA2B637EA00046FAF8 /* Position.swift */,
				097229C02B637EA10046FAF8 /* Shot.swift */,
				097229BF2B637EA10046FAF8 /* Service.swift */,
				097229BC2B637EA00046FAF8 /* Whose.swift */,
				097229BB2B637EA00046FAF8 /* GetPoint.swift */,
				097229B92B637EA00046FAF8 /* GameType.swift */,
				097229B42B637EA00046FAF8 /* ServOrRet.swift */,
				097229B82B637EA00046FAF8 /* LabelType.swift */,
				097229C12B637EA10046FAF8 /* InputMode.swift */,
			);
			path = enum;
			sourceTree = "<group>";
		};
		097229D62B63D4850046FAF8 /* ViewModel */ = {
			isa = PBXGroup;
			children = (
				097229D72B63D4A80046FAF8 /* MatchInfoViewModel.swift */,
				097229D92B63D4DD0046FAF8 /* PositionViewModel.swift */,
				097229DB2B63D5000046FAF8 /* PointViewModel.swift */,
				097229DD2B63D51C0046FAF8 /* ChartDataViewModel.swift */,
			);
			path = ViewModel;
			sourceTree = "<group>";
		};
		097229DF2B63E1870046FAF8 /* Area */ = {
			isa = PBXGroup;
			children = (
				097229D42B63AAFE0046FAF8 /* MyNameAndScoreArea.swift */,
				097229E32B63E1880046FAF8 /* ServOrRetArera.swift */,
				097229E12B63E1880046FAF8 /* SnglsPositionBtnArea.swift */,
				097229E52B63E1880046FAF8 /* DblsPositionBtnArea.swift */,
				097229E02B63E1880046FAF8 /* SnglsPointBtnArea.swift */,
				097229E22B63E1880046FAF8 /* DblsPointBtnArea.swift */,
			);
			path = Area;
			sourceTree = "<group>";
		};
		097229EC2B65FD510046FAF8 /* ChartView */ = {
			isa = PBXGroup;
			children = (
				097229ED2B65FD770046FAF8 /* PieChartView.swift */,
				097229EF2B65FD890046FAF8 /* BarChartView.swift */,
				097229F12B65FDA10046FAF8 /* ChartsLayOutArea.swift */,
			);
			path = ChartView;
			sourceTree = "<group>";
		};
		097229FD2B6F766E0046FAF8 /* RealmModel */ = {
			isa = PBXGroup;
			children = (
				091AC3D32B4A8AAE007E68F0 /* PointDataModel.swift */,
				097229FE2B6F968A0046FAF8 /* UserModel.swift */,
			);
			path = RealmModel;
			sourceTree = "<group>";
		};
		09BC06FE2B44463D008A44FD /* MatchView */ = {
			isa = PBXGroup;
			children = (
				092B2B392B516A270046BDBF /* Area */,
				0972295F2B54022B0046FAF8 /* RealTimeDataView.swift */,
				09806D262B4F692B007638B7 /* PointGame.swift */,
				09BC06FF2B444657008A44FD /* MatchTabView.swift */,
			);
			path = MatchView;
			sourceTree = "<group>";
		};
		09BC07052B447BD9008A44FD /* Model */ = {
			isa = PBXGroup;
			children = (
				09BD52982B49871600EC347E /* LineChartDataModel.swift */,
				097229672B550F040046FAF8 /* PieChartDataModel.swift */,
				097229692B564ACF0046FAF8 /* BarChartDataModel.swift */,
				097229852B5D2DC70046FAF8 /* MatchRecordModel.swift */,
				097229F92B6E45F50046FAF8 /* WinLoseArray.swift */,
				097229FB2B6E46640046FAF8 /* DateArray.swift */,
			);
			path = Model;
			sourceTree = "<group>";
		};
		D11CF3C71DDB29837A6B5097 /* Frameworks */ = {
			isa = PBXGroup;
			children = (
				073DB5AA7DCAA367816279FE /* Pods_TennisData5.framework */,
				E45936527676F62360AF96D3 /* Pods_TennisData5_Watch_AppTests.framework */,
				EFA53CCCF8D00FCE3847E407 /* Pods_TennisData5_TennisData5_Watch_AppUITests.framework */,
				71A8B28FFF78C31F106535BA /* Pods_TennisData5_TennisData5UITests.framework */,
				2C5A4F3FEC9C3304CCCCE5F7 /* Pods_TennisData5Tests.framework */,
			);
			name = Frameworks;
			sourceTree = "<group>";
		};
		D26F8F2A97F4C746D4171431 /* Pods */ = {
			isa = PBXGroup;
			children = (
				C26DA8F12FE0E41596A59D0B /* Pods-TennisData5.debug.xcconfig */,
				4AF2DEA21EC7FFC73F0C71F4 /* Pods-TennisData5.release.xcconfig */,
				43D86F11D09C09DBD154E658 /* Pods-TennisData5 Watch AppTests.debug.xcconfig */,
				1DD891B8B5AC7081C5F0CE99 /* Pods-TennisData5 Watch AppTests.release.xcconfig */,
				631C4D07D578DB6EC73097F9 /* Pods-TennisData5-TennisData5 Watch AppUITests.debug.xcconfig */,
				E1DE1758E970453C0CA1F284 /* Pods-TennisData5-TennisData5 Watch AppUITests.release.xcconfig */,
				F8E5D8AE9133F36E1B556480 /* Pods-TennisData5-TennisData5UITests.debug.xcconfig */,
				55B1D84AE920A51E4224B0AB /* Pods-TennisData5-TennisData5UITests.release.xcconfig */,
				89A79B85A0A1C6D9E49A58DC /* Pods-TennisData5Tests.debug.xcconfig */,
				D241B2756B3D6760FCED04C2 /* Pods-TennisData5Tests.release.xcconfig */,
			);
			path = Pods;
			sourceTree = "<group>";
		};
/* End PBXGroup section */

/* Begin PBXNativeTarget section */
		0927E09E2B41A69F0069BEF1 /* TennisData5 */ = {
			isa = PBXNativeTarget;
			buildConfigurationList = 0927E0EF2B41A6A30069BEF1 /* Build configuration list for PBXNativeTarget "TennisData5" */;
			buildPhases = (
				6060DA5D708912799FB79E73 /* [CP] Check Pods Manifest.lock */,
				0927E09B2B41A69F0069BEF1 /* Sources */,
				0927E09C2B41A69F0069BEF1 /* Frameworks */,
				0927E09D2B41A69F0069BEF1 /* Resources */,
				0927E0EE2B41A6A30069BEF1 /* Embed Watch Content */,
				710FEE8BEBCE7211751EBCAA /* [CP] Embed Pods Frameworks */,
			);
			buildRules = (
			);
			dependencies = (
				0927E0C82B41A6A20069BEF1 /* PBXTargetDependency */,
			);
			name = TennisData5;
			productName = TennisData5;
			productReference = 0927E09F2B41A6A00069BEF1 /* TennisData5.app */;
			productType = "com.apple.product-type.application";
		};
		0927E0AE2B41A6A20069BEF1 /* TennisData5Tests */ = {
			isa = PBXNativeTarget;
			buildConfigurationList = 0927E0F22B41A6A30069BEF1 /* Build configuration list for PBXNativeTarget "TennisData5Tests" */;
			buildPhases = (
				21715A85AA16E947E19C9507 /* [CP] Check Pods Manifest.lock */,
				0927E0AB2B41A6A20069BEF1 /* Sources */,
				0927E0AC2B41A6A20069BEF1 /* Frameworks */,
				0927E0AD2B41A6A20069BEF1 /* Resources */,
			);
			buildRules = (
			);
			dependencies = (
				0927E0B12B41A6A20069BEF1 /* PBXTargetDependency */,
			);
			name = TennisData5Tests;
			productName = TennisData5Tests;
			productReference = 0927E0AF2B41A6A20069BEF1 /* TennisData5Tests.xctest */;
			productType = "com.apple.product-type.bundle.unit-test";
		};
		0927E0B82B41A6A20069BEF1 /* TennisData5UITests */ = {
			isa = PBXNativeTarget;
			buildConfigurationList = 0927E0F52B41A6A30069BEF1 /* Build configuration list for PBXNativeTarget "TennisData5UITests" */;
			buildPhases = (
				B625F931E3C326D47E446181 /* [CP] Check Pods Manifest.lock */,
				0927E0B52B41A6A20069BEF1 /* Sources */,
				0927E0B62B41A6A20069BEF1 /* Frameworks */,
				0927E0B72B41A6A20069BEF1 /* Resources */,
				55FBBB734ADACB720019B406 /* [CP] Embed Pods Frameworks */,
			);
			buildRules = (
			);
			dependencies = (
				0927E0BB2B41A6A20069BEF1 /* PBXTargetDependency */,
			);
			name = TennisData5UITests;
			productName = TennisData5UITests;
			productReference = 0927E0B92B41A6A20069BEF1 /* TennisData5UITests.xctest */;
			productType = "com.apple.product-type.bundle.ui-testing";
		};
		0927E0C42B41A6A20069BEF1 /* TennisData5 Watch App */ = {
			isa = PBXNativeTarget;
			buildConfigurationList = 0927E0EB2B41A6A30069BEF1 /* Build configuration list for PBXNativeTarget "TennisData5 Watch App" */;
			buildPhases = (
				0927E0C12B41A6A20069BEF1 /* Sources */,
				0927E0C22B41A6A20069BEF1 /* Frameworks */,
				0927E0C32B41A6A20069BEF1 /* Resources */,
			);
			buildRules = (
			);
			dependencies = (
			);
			name = "TennisData5 Watch App";
			productName = "TennisData5 Watch App";
			productReference = 0927E0C52B41A6A20069BEF1 /* TennisData5 Watch App.app */;
			productType = "com.apple.product-type.application";
		};
		0927E0D62B41A6A30069BEF1 /* TennisData5 Watch AppTests */ = {
			isa = PBXNativeTarget;
			buildConfigurationList = 0927E0F82B41A6A30069BEF1 /* Build configuration list for PBXNativeTarget "TennisData5 Watch AppTests" */;
			buildPhases = (
				26D2D9725D37EBA679F348D1 /* [CP] Check Pods Manifest.lock */,
				0927E0D32B41A6A30069BEF1 /* Sources */,
				0927E0D42B41A6A30069BEF1 /* Frameworks */,
				0927E0D52B41A6A30069BEF1 /* Resources */,
			);
			buildRules = (
			);
			dependencies = (
				0927E0D92B41A6A30069BEF1 /* PBXTargetDependency */,
			);
			name = "TennisData5 Watch AppTests";
			productName = "TennisData5 Watch AppTests";
			productReference = 0927E0D72B41A6A30069BEF1 /* TennisData5 Watch AppTests.xctest */;
			productType = "com.apple.product-type.bundle.unit-test";
		};
		0927E0E02B41A6A30069BEF1 /* TennisData5 Watch AppUITests */ = {
			isa = PBXNativeTarget;
			buildConfigurationList = 0927E0FB2B41A6A30069BEF1 /* Build configuration list for PBXNativeTarget "TennisData5 Watch AppUITests" */;
			buildPhases = (
				D236E1475ABC9C48FB500243 /* [CP] Check Pods Manifest.lock */,
				0927E0DD2B41A6A30069BEF1 /* Sources */,
				0927E0DE2B41A6A30069BEF1 /* Frameworks */,
				0927E0DF2B41A6A30069BEF1 /* Resources */,
				600C9E40A93092E83CA30B82 /* [CP] Embed Pods Frameworks */,
			);
			buildRules = (
			);
			dependencies = (
				0927E0E32B41A6A30069BEF1 /* PBXTargetDependency */,
			);
			name = "TennisData5 Watch AppUITests";
			productName = "TennisData5 Watch AppUITests";
			productReference = 0927E0E12B41A6A30069BEF1 /* TennisData5 Watch AppUITests.xctest */;
			productType = "com.apple.product-type.bundle.ui-testing";
		};
/* End PBXNativeTarget section */

/* Begin PBXProject section */
		0927E0972B41A69F0069BEF1 /* Project object */ = {
			isa = PBXProject;
			attributes = {
				BuildIndependentTargetsInParallel = 1;
				LastSwiftUpdateCheck = 1510;
				LastUpgradeCheck = 1520;
				TargetAttributes = {
					0927E09E2B41A69F0069BEF1 = {
						CreatedOnToolsVersion = 15.1;
					};
					0927E0AE2B41A6A20069BEF1 = {
						CreatedOnToolsVersion = 15.1;
						TestTargetID = 0927E09E2B41A69F0069BEF1;
					};
					0927E0B82B41A6A20069BEF1 = {
						CreatedOnToolsVersion = 15.1;
						TestTargetID = 0927E09E2B41A69F0069BEF1;
					};
					0927E0C42B41A6A20069BEF1 = {
						CreatedOnToolsVersion = 15.1;
					};
					0927E0D62B41A6A30069BEF1 = {
						CreatedOnToolsVersion = 15.1;
						TestTargetID = 0927E0C42B41A6A20069BEF1;
					};
					0927E0E02B41A6A30069BEF1 = {
						CreatedOnToolsVersion = 15.1;
						TestTargetID = 0927E0C42B41A6A20069BEF1;
					};
				};
			};
			buildConfigurationList = 0927E09A2B41A69F0069BEF1 /* Build configuration list for PBXProject "TennisData5" */;
			compatibilityVersion = "Xcode 14.0";
			developmentRegion = en;
			hasScannedForEncodings = 0;
			knownRegions = (
				en,
				Base,
			);
			mainGroup = 0927E0962B41A69F0069BEF1;
			productRefGroup = 0927E0A02B41A6A00069BEF1 /* Products */;
			projectDirPath = "";
			projectRoot = "";
			targets = (
				0927E09E2B41A69F0069BEF1 /* TennisData5 */,
				0927E0AE2B41A6A20069BEF1 /* TennisData5Tests */,
				0927E0B82B41A6A20069BEF1 /* TennisData5UITests */,
				0927E0C42B41A6A20069BEF1 /* TennisData5 Watch App */,
				0927E0D62B41A6A30069BEF1 /* TennisData5 Watch AppTests */,
				0927E0E02B41A6A30069BEF1 /* TennisData5 Watch AppUITests */,
			);
		};
/* End PBXProject section */

/* Begin PBXResourcesBuildPhase section */
		0927E09D2B41A69F0069BEF1 /* Resources */ = {
			isa = PBXResourcesBuildPhase;
			buildActionMask = 2147483647;
			files = (
				0927E0AA2B41A6A20069BEF1 /* Preview Assets.xcassets in Resources */,
				0927E0A72B41A6A20069BEF1 /* Assets.xcassets in Resources */,
			);
			runOnlyForDeploymentPostprocessing = 0;
		};
		0927E0AD2B41A6A20069BEF1 /* Resources */ = {
			isa = PBXResourcesBuildPhase;
			buildActionMask = 2147483647;
			files = (
			);
			runOnlyForDeploymentPostprocessing = 0;
		};
		0927E0B72B41A6A20069BEF1 /* Resources */ = {
			isa = PBXResourcesBuildPhase;
			buildActionMask = 2147483647;
			files = (
			);
			runOnlyForDeploymentPostprocessing = 0;
		};
		0927E0C32B41A6A20069BEF1 /* Resources */ = {
			isa = PBXResourcesBuildPhase;
			buildActionMask = 2147483647;
			files = (
				0927E0D22B41A6A30069BEF1 /* Preview Assets.xcassets in Resources */,
				0927E0CF2B41A6A30069BEF1 /* Assets.xcassets in Resources */,
			);
			runOnlyForDeploymentPostprocessing = 0;
		};
		0927E0D52B41A6A30069BEF1 /* Resources */ = {
			isa = PBXResourcesBuildPhase;
			buildActionMask = 2147483647;
			files = (
			);
			runOnlyForDeploymentPostprocessing = 0;
		};
		0927E0DF2B41A6A30069BEF1 /* Resources */ = {
			isa = PBXResourcesBuildPhase;
			buildActionMask = 2147483647;
			files = (
			);
			runOnlyForDeploymentPostprocessing = 0;
		};
/* End PBXResourcesBuildPhase section */

/* Begin PBXShellScriptBuildPhase section */
		21715A85AA16E947E19C9507 /* [CP] Check Pods Manifest.lock */ = {
			isa = PBXShellScriptBuildPhase;
			buildActionMask = 2147483647;
			files = (
			);
			inputFileListPaths = (
			);
			inputPaths = (
				"${PODS_PODFILE_DIR_PATH}/Podfile.lock",
				"${PODS_ROOT}/Manifest.lock",
			);
			name = "[CP] Check Pods Manifest.lock";
			outputFileListPaths = (
			);
			outputPaths = (
				"$(DERIVED_FILE_DIR)/Pods-TennisData5Tests-checkManifestLockResult.txt",
			);
			runOnlyForDeploymentPostprocessing = 0;
			shellPath = /bin/sh;
			shellScript = "diff \"${PODS_PODFILE_DIR_PATH}/Podfile.lock\" \"${PODS_ROOT}/Manifest.lock\" > /dev/null\nif [ $? != 0 ] ; then\n    # print error to STDERR\n    echo \"error: The sandbox is not in sync with the Podfile.lock. Run 'pod install' or update your CocoaPods installation.\" >&2\n    exit 1\nfi\n# This output is used by Xcode 'outputs' to avoid re-running this script phase.\necho \"SUCCESS\" > \"${SCRIPT_OUTPUT_FILE_0}\"\n";
			showEnvVarsInLog = 0;
		};
		26D2D9725D37EBA679F348D1 /* [CP] Check Pods Manifest.lock */ = {
			isa = PBXShellScriptBuildPhase;
			buildActionMask = 2147483647;
			files = (
			);
			inputFileListPaths = (
			);
			inputPaths = (
				"${PODS_PODFILE_DIR_PATH}/Podfile.lock",
				"${PODS_ROOT}/Manifest.lock",
			);
			name = "[CP] Check Pods Manifest.lock";
			outputFileListPaths = (
			);
			outputPaths = (
				"$(DERIVED_FILE_DIR)/Pods-TennisData5 Watch AppTests-checkManifestLockResult.txt",
			);
			runOnlyForDeploymentPostprocessing = 0;
			shellPath = /bin/sh;
			shellScript = "diff \"${PODS_PODFILE_DIR_PATH}/Podfile.lock\" \"${PODS_ROOT}/Manifest.lock\" > /dev/null\nif [ $? != 0 ] ; then\n    # print error to STDERR\n    echo \"error: The sandbox is not in sync with the Podfile.lock. Run 'pod install' or update your CocoaPods installation.\" >&2\n    exit 1\nfi\n# This output is used by Xcode 'outputs' to avoid re-running this script phase.\necho \"SUCCESS\" > \"${SCRIPT_OUTPUT_FILE_0}\"\n";
			showEnvVarsInLog = 0;
		};
		55FBBB734ADACB720019B406 /* [CP] Embed Pods Frameworks */ = {
			isa = PBXShellScriptBuildPhase;
			buildActionMask = 2147483647;
			files = (
			);
			inputFileListPaths = (
				"${PODS_ROOT}/Target Support Files/Pods-TennisData5-TennisData5UITests/Pods-TennisData5-TennisData5UITests-frameworks-${CONFIGURATION}-input-files.xcfilelist",
			);
			name = "[CP] Embed Pods Frameworks";
			outputFileListPaths = (
				"${PODS_ROOT}/Target Support Files/Pods-TennisData5-TennisData5UITests/Pods-TennisData5-TennisData5UITests-frameworks-${CONFIGURATION}-output-files.xcfilelist",
			);
			runOnlyForDeploymentPostprocessing = 0;
			shellPath = /bin/sh;
			shellScript = "\"${PODS_ROOT}/Target Support Files/Pods-TennisData5-TennisData5UITests/Pods-TennisData5-TennisData5UITests-frameworks.sh\"\n";
			showEnvVarsInLog = 0;
		};
		600C9E40A93092E83CA30B82 /* [CP] Embed Pods Frameworks */ = {
			isa = PBXShellScriptBuildPhase;
			buildActionMask = 2147483647;
			files = (
			);
			inputFileListPaths = (
				"${PODS_ROOT}/Target Support Files/Pods-TennisData5-TennisData5 Watch AppUITests/Pods-TennisData5-TennisData5 Watch AppUITests-frameworks-${CONFIGURATION}-input-files.xcfilelist",
			);
			name = "[CP] Embed Pods Frameworks";
			outputFileListPaths = (
				"${PODS_ROOT}/Target Support Files/Pods-TennisData5-TennisData5 Watch AppUITests/Pods-TennisData5-TennisData5 Watch AppUITests-frameworks-${CONFIGURATION}-output-files.xcfilelist",
			);
			runOnlyForDeploymentPostprocessing = 0;
			shellPath = /bin/sh;
			shellScript = "\"${PODS_ROOT}/Target Support Files/Pods-TennisData5-TennisData5 Watch AppUITests/Pods-TennisData5-TennisData5 Watch AppUITests-frameworks.sh\"\n";
			showEnvVarsInLog = 0;
		};
		6060DA5D708912799FB79E73 /* [CP] Check Pods Manifest.lock */ = {
			isa = PBXShellScriptBuildPhase;
			buildActionMask = 2147483647;
			files = (
			);
			inputFileListPaths = (
			);
			inputPaths = (
				"${PODS_PODFILE_DIR_PATH}/Podfile.lock",
				"${PODS_ROOT}/Manifest.lock",
			);
			name = "[CP] Check Pods Manifest.lock";
			outputFileListPaths = (
			);
			outputPaths = (
				"$(DERIVED_FILE_DIR)/Pods-TennisData5-checkManifestLockResult.txt",
			);
			runOnlyForDeploymentPostprocessing = 0;
			shellPath = /bin/sh;
			shellScript = "diff \"${PODS_PODFILE_DIR_PATH}/Podfile.lock\" \"${PODS_ROOT}/Manifest.lock\" > /dev/null\nif [ $? != 0 ] ; then\n    # print error to STDERR\n    echo \"error: The sandbox is not in sync with the Podfile.lock. Run 'pod install' or update your CocoaPods installation.\" >&2\n    exit 1\nfi\n# This output is used by Xcode 'outputs' to avoid re-running this script phase.\necho \"SUCCESS\" > \"${SCRIPT_OUTPUT_FILE_0}\"\n";
			showEnvVarsInLog = 0;
		};
		710FEE8BEBCE7211751EBCAA /* [CP] Embed Pods Frameworks */ = {
			isa = PBXShellScriptBuildPhase;
			buildActionMask = 2147483647;
			files = (
			);
			inputFileListPaths = (
				"${PODS_ROOT}/Target Support Files/Pods-TennisData5/Pods-TennisData5-frameworks-${CONFIGURATION}-input-files.xcfilelist",
			);
			name = "[CP] Embed Pods Frameworks";
			outputFileListPaths = (
				"${PODS_ROOT}/Target Support Files/Pods-TennisData5/Pods-TennisData5-frameworks-${CONFIGURATION}-output-files.xcfilelist",
			);
			runOnlyForDeploymentPostprocessing = 0;
			shellPath = /bin/sh;
			shellScript = "\"${PODS_ROOT}/Target Support Files/Pods-TennisData5/Pods-TennisData5-frameworks.sh\"\n";
			showEnvVarsInLog = 0;
		};
		B625F931E3C326D47E446181 /* [CP] Check Pods Manifest.lock */ = {
			isa = PBXShellScriptBuildPhase;
			buildActionMask = 2147483647;
			files = (
			);
			inputFileListPaths = (
			);
			inputPaths = (
				"${PODS_PODFILE_DIR_PATH}/Podfile.lock",
				"${PODS_ROOT}/Manifest.lock",
			);
			name = "[CP] Check Pods Manifest.lock";
			outputFileListPaths = (
			);
			outputPaths = (
				"$(DERIVED_FILE_DIR)/Pods-TennisData5-TennisData5UITests-checkManifestLockResult.txt",
			);
			runOnlyForDeploymentPostprocessing = 0;
			shellPath = /bin/sh;
			shellScript = "diff \"${PODS_PODFILE_DIR_PATH}/Podfile.lock\" \"${PODS_ROOT}/Manifest.lock\" > /dev/null\nif [ $? != 0 ] ; then\n    # print error to STDERR\n    echo \"error: The sandbox is not in sync with the Podfile.lock. Run 'pod install' or update your CocoaPods installation.\" >&2\n    exit 1\nfi\n# This output is used by Xcode 'outputs' to avoid re-running this script phase.\necho \"SUCCESS\" > \"${SCRIPT_OUTPUT_FILE_0}\"\n";
			showEnvVarsInLog = 0;
		};
		D236E1475ABC9C48FB500243 /* [CP] Check Pods Manifest.lock */ = {
			isa = PBXShellScriptBuildPhase;
			buildActionMask = 2147483647;
			files = (
			);
			inputFileListPaths = (
			);
			inputPaths = (
				"${PODS_PODFILE_DIR_PATH}/Podfile.lock",
				"${PODS_ROOT}/Manifest.lock",
			);
			name = "[CP] Check Pods Manifest.lock";
			outputFileListPaths = (
			);
			outputPaths = (
				"$(DERIVED_FILE_DIR)/Pods-TennisData5-TennisData5 Watch AppUITests-checkManifestLockResult.txt",
			);
			runOnlyForDeploymentPostprocessing = 0;
			shellPath = /bin/sh;
			shellScript = "diff \"${PODS_PODFILE_DIR_PATH}/Podfile.lock\" \"${PODS_ROOT}/Manifest.lock\" > /dev/null\nif [ $? != 0 ] ; then\n    # print error to STDERR\n    echo \"error: The sandbox is not in sync with the Podfile.lock. Run 'pod install' or update your CocoaPods installation.\" >&2\n    exit 1\nfi\n# This output is used by Xcode 'outputs' to avoid re-running this script phase.\necho \"SUCCESS\" > \"${SCRIPT_OUTPUT_FILE_0}\"\n";
			showEnvVarsInLog = 0;
		};
/* End PBXShellScriptBuildPhase section */

/* Begin PBXSourcesBuildPhase section */
		0927E09B2B41A69F0069BEF1 /* Sources */ = {
			isa = PBXSourcesBuildPhase;
			buildActionMask = 2147483647;
			files = (
				0927E0A52B41A6A00069BEF1 /* HomeTabView.swift in Sources */,
				09722A032B6F98560046FAF8 /* Gender.swift in Sources */,
				0972296A2B564ACF0046FAF8 /* BarChartDataModel.swift in Sources */,
				09992D4E2B5134BE0049B877 /* Issue.swift in Sources */,
				09992D4C2B5132200049B877 /* HomeDataViewModel.swift in Sources */,
				097229F62B69EEDE0046FAF8 /* Side.swift in Sources */,
				0972297A2B5A7CDD0046FAF8 /* ServOrRetArea.swift in Sources */,
				097229742B5A63660046FAF8 /* ChartDataViewModel.swift in Sources */,
				09BC07002B444657008A44FD /* MatchTabView.swift in Sources */,
				0927E0A32B41A6A00069BEF1 /* TennisData5App.swift in Sources */,
				091AC3DE2B4A95B8007E68F0 /* GetPoint.swift in Sources */,
				092B2B3C2B5177620046BDBF /* PointViewModel.swift in Sources */,
				097229702B5A620B0046FAF8 /* PositionViewModel.swift in Sources */,
				09722A072B6F9B6B0046FAF8 /* UserViewModel.swift in Sources */,
				09BD52992B49871600EC347E /* LineChartDataModel.swift in Sources */,
				097229FA2B6E45F50046FAF8 /* WinLoseArray.swift in Sources */,
				097229992B6244930046FAF8 /* DateExtention.swift in Sources */,
				09806D272B4F692B007638B7 /* PointGame.swift in Sources */,
				097229862B5D2DC70046FAF8 /* MatchRecordModel.swift in Sources */,
				0927E1032B41A7F10069BEF1 /* DataAnalysisView.swift in Sources */,
				09BC06F62B42FECA008A44FD /* GameStartBtnsArea.swift in Sources */,
				091AC3DC2B4A94E1007E68F0 /* Service.swift in Sources */,
				097229682B550F040046FAF8 /* PieChartDataModel.swift in Sources */,
				09722A012B6F97E00046FAF8 /* Dominant.swift in Sources */,
				097229782B5A70DE0046FAF8 /* DblsPositionBtnArea.swift in Sources */,
				091AC3D62B4A8C52007E68F0 /* MatchFormat.swift in Sources */,
				091AC3E02B4A961C007E68F0 /* Shot.swift in Sources */,
				097229F42B66831D0046FAF8 /* DataManageViewModel.swift in Sources */,
				0972297E2B5AA79C0046FAF8 /* DblsPointBtnArea.swift in Sources */,
				097229602B54022B0046FAF8 /* RealTimeDataView.swift in Sources */,
				0927E10D2B41A8AB0069BEF1 /* StatsDataArea.swift in Sources */,
				097229822B5B73EA0046FAF8 /* HomeHeaderBar.swift in Sources */,
				09722A052B6F990D0046FAF8 /* Relation.swift in Sources */,
				0927E1012B41A7CE0069BEF1 /* MatchRecordView.swift in Sources */,
				0927E10B2B41A88B0069BEF1 /* HomeView.swift in Sources */,
				097229932B61E04C0046FAF8 /* ChartsLayOutArea.swift in Sources */,
				092B2B752B53C0B40046BDBF /* ServOrRet.swift in Sources */,
				0972297C2B5AA7810046FAF8 /* SnglsPointBtnArea.swift in Sources */,
				097229882B5D359D0046FAF8 /* RecoadSearchViewModel.swift in Sources */,
				097229642B550DB50046FAF8 /* PieChartView.swift in Sources */,
				0972296C2B564BF60046FAF8 /* BarChartView.swift in Sources */,
				091AC3D42B4A8AAE007E68F0 /* PointDataModel.swift in Sources */,
				0972298B2B5F87380046FAF8 /* OneMatchDataView.swift in Sources */,
				091AC3E22B4A96B1007E68F0 /* Whose.swift in Sources */,
				09BC06FD2B443736008A44FD /* MyNameAndScoreArea.swift in Sources */,
				091AC3DA2B4A9443007E68F0 /* Server.swift in Sources */,
				097229762B5A70850046FAF8 /* SnglsPositionBtnArea.swift in Sources */,
				0972298D2B5F89590046FAF8 /* NameAndScoreArea.swift in Sources */,
				097229FC2B6E46640046FAF8 /* DateArray.swift in Sources */,
				0972295D2B53FA780046FAF8 /* LineChartView.swift in Sources */,
				0972299B2B6366410046FAF8 /* InputMode.swift in Sources */,
				097229912B6122560046FAF8 /* LabelType.swift in Sources */,
				091AC3D22B4A57D9007E68F0 /* GameType.swift in Sources */,
				09722A092B6F9D270046FAF8 /* UserInfoPopup.swift in Sources */,
				097229F82B6A8CC50046FAF8 /* Tactics.swift in Sources */,
				091AC3D82B4A931F007E68F0 /* Position.swift in Sources */,
				0972296E2B5A617C0046FAF8 /* MatchInfoViewModel.swift in Sources */,
				097229FF2B6F968A0046FAF8 /* UserModel.swift in Sources */,
			);
			runOnlyForDeploymentPostprocessing = 0;
		};
		0927E0AB2B41A6A20069BEF1 /* Sources */ = {
			isa = PBXSourcesBuildPhase;
			buildActionMask = 2147483647;
			files = (
				0927E0B42B41A6A20069BEF1 /* TennisData5Tests.swift in Sources */,
			);
			runOnlyForDeploymentPostprocessing = 0;
		};
		0927E0B52B41A6A20069BEF1 /* Sources */ = {
			isa = PBXSourcesBuildPhase;
			buildActionMask = 2147483647;
			files = (
				0927E0BE2B41A6A20069BEF1 /* TennisData5UITests.swift in Sources */,
				0927E0C02B41A6A20069BEF1 /* TennisData5UITestsLaunchTests.swift in Sources */,
			);
			runOnlyForDeploymentPostprocessing = 0;
		};
		0927E0C12B41A6A20069BEF1 /* Sources */ = {
			isa = PBXSourcesBuildPhase;
			buildActionMask = 2147483647;
			files = (
				097229C52B637EA10046FAF8 /* LabelType.swift in Sources */,
				097229D32B637EFF0046FAF8 /* DateExtention.swift in Sources */,
				097229E92B63E1880046FAF8 /* ServOrRetArera.swift in Sources */,
				097229B12B637E690046FAF8 /* PieChartDataModel.swift in Sources */,
				0927E0CB2B41A6A20069BEF1 /* TennisData5App.swift in Sources */,
				097229DE2B63D51C0046FAF8 /* ChartDataViewModel.swift in Sources */,
				097229DA2B63D4DD0046FAF8 /* PositionViewModel.swift in Sources */,
				097229EA2B63E1880046FAF8 /* SnglsPointBtnArea.swift in Sources */,
				097229D82B63D4A80046FAF8 /* MatchInfoViewModel.swift in Sources */,
				097229F22B65FDA10046FAF8 /* ChartsLayOutArea.swift in Sources */,
				097229CC2B637EA10046FAF8 /* ServOrRet.swift in Sources */,
				097229CF2B637EA10046FAF8 /* Whose.swift in Sources */,
				097229E62B63E1880046FAF8 /* DblsPointBtnArea.swift in Sources */,
				097229C42B637EA10046FAF8 /* GetPoint.swift in Sources */,
				097229C72B637EA10046FAF8 /* GameType.swift in Sources */,
				097229D52B63AAFE0046FAF8 /* MyNameAndScoreArea.swift in Sources */,
				097229C82B637EA10046FAF8 /* Server.swift in Sources */,
				097229C22B637EA10046FAF8 /* Service.swift in Sources */,
				097229E72B63E1880046FAF8 /* DblsPositionBtnArea.swift in Sources */,
				097229CE2B637EA10046FAF8 /* Position.swift in Sources */,
				097229CD2B637EA10046FAF8 /* MatchFormat.swift in Sources */,
				097229B02B637E690046FAF8 /* BarChartDataModel.swift in Sources */,
				097229CB2B637EA10046FAF8 /* Shot.swift in Sources */,
				097229DC2B63D5000046FAF8 /* PointViewModel.swift in Sources */,
				097229EE2B65FD770046FAF8 /* PieChartView.swift in Sources */,
				097229F02B65FD890046FAF8 /* BarChartView.swift in Sources */,
				0972299D2B636EED0046FAF8 /* HomeView.swift in Sources */,
				097229EB2B63E1880046FAF8 /* SnglsPositionBtnArea.swift in Sources */,
				097229C92B637EA10046FAF8 /* InputMode.swift in Sources */,
			);
			runOnlyForDeploymentPostprocessing = 0;
		};
		0927E0D32B41A6A30069BEF1 /* Sources */ = {
			isa = PBXSourcesBuildPhase;
			buildActionMask = 2147483647;
			files = (
				0927E0DC2B41A6A30069BEF1 /* TennisData5_Watch_AppTests.swift in Sources */,
			);
			runOnlyForDeploymentPostprocessing = 0;
		};
		0927E0DD2B41A6A30069BEF1 /* Sources */ = {
			isa = PBXSourcesBuildPhase;
			buildActionMask = 2147483647;
			files = (
				0927E0E62B41A6A30069BEF1 /* TennisData5_Watch_AppUITests.swift in Sources */,
				0927E0E82B41A6A30069BEF1 /* TennisData5_Watch_AppUITestsLaunchTests.swift in Sources */,
			);
			runOnlyForDeploymentPostprocessing = 0;
		};
/* End PBXSourcesBuildPhase section */

/* Begin PBXTargetDependency section */
		0927E0B12B41A6A20069BEF1 /* PBXTargetDependency */ = {
			isa = PBXTargetDependency;
			target = 0927E09E2B41A69F0069BEF1 /* TennisData5 */;
			targetProxy = 0927E0B02B41A6A20069BEF1 /* PBXContainerItemProxy */;
		};
		0927E0BB2B41A6A20069BEF1 /* PBXTargetDependency */ = {
			isa = PBXTargetDependency;
			target = 0927E09E2B41A69F0069BEF1 /* TennisData5 */;
			targetProxy = 0927E0BA2B41A6A20069BEF1 /* PBXContainerItemProxy */;
		};
		0927E0C82B41A6A20069BEF1 /* PBXTargetDependency */ = {
			isa = PBXTargetDependency;
			target = 0927E0C42B41A6A20069BEF1 /* TennisData5 Watch App */;
			targetProxy = 0927E0C72B41A6A20069BEF1 /* PBXContainerItemProxy */;
		};
		0927E0D92B41A6A30069BEF1 /* PBXTargetDependency */ = {
			isa = PBXTargetDependency;
			target = 0927E0C42B41A6A20069BEF1 /* TennisData5 Watch App */;
			targetProxy = 0927E0D82B41A6A30069BEF1 /* PBXContainerItemProxy */;
		};
		0927E0E32B41A6A30069BEF1 /* PBXTargetDependency */ = {
			isa = PBXTargetDependency;
			target = 0927E0C42B41A6A20069BEF1 /* TennisData5 Watch App */;
			targetProxy = 0927E0E22B41A6A30069BEF1 /* PBXContainerItemProxy */;
		};
/* End PBXTargetDependency section */

/* Begin XCBuildConfiguration section */
		0927E0E92B41A6A30069BEF1 /* Debug */ = {
			isa = XCBuildConfiguration;
			buildSettings = {
				ALWAYS_SEARCH_USER_PATHS = NO;
				ASSETCATALOG_COMPILER_GENERATE_SWIFT_ASSET_SYMBOL_EXTENSIONS = YES;
				CLANG_ANALYZER_NONNULL = YES;
				CLANG_ANALYZER_NUMBER_OBJECT_CONVERSION = YES_AGGRESSIVE;
				CLANG_CXX_LANGUAGE_STANDARD = "gnu++20";
				CLANG_ENABLE_MODULES = YES;
				CLANG_ENABLE_OBJC_ARC = YES;
				CLANG_ENABLE_OBJC_WEAK = YES;
				CLANG_WARN_BLOCK_CAPTURE_AUTORELEASING = YES;
				CLANG_WARN_BOOL_CONVERSION = YES;
				CLANG_WARN_COMMA = YES;
				CLANG_WARN_CONSTANT_CONVERSION = YES;
				CLANG_WARN_DEPRECATED_OBJC_IMPLEMENTATIONS = YES;
				CLANG_WARN_DIRECT_OBJC_ISA_USAGE = YES_ERROR;
				CLANG_WARN_DOCUMENTATION_COMMENTS = YES;
				CLANG_WARN_EMPTY_BODY = YES;
				CLANG_WARN_ENUM_CONVERSION = YES;
				CLANG_WARN_INFINITE_RECURSION = YES;
				CLANG_WARN_INT_CONVERSION = YES;
				CLANG_WARN_NON_LITERAL_NULL_CONVERSION = YES;
				CLANG_WARN_OBJC_IMPLICIT_RETAIN_SELF = YES;
				CLANG_WARN_OBJC_LITERAL_CONVERSION = YES;
				CLANG_WARN_OBJC_ROOT_CLASS = YES_ERROR;
				CLANG_WARN_QUOTED_INCLUDE_IN_FRAMEWORK_HEADER = YES;
				CLANG_WARN_RANGE_LOOP_ANALYSIS = YES;
				CLANG_WARN_STRICT_PROTOTYPES = YES;
				CLANG_WARN_SUSPICIOUS_MOVE = YES;
				CLANG_WARN_UNGUARDED_AVAILABILITY = YES_AGGRESSIVE;
				CLANG_WARN_UNREACHABLE_CODE = YES;
				CLANG_WARN__DUPLICATE_METHOD_MATCH = YES;
				COPY_PHASE_STRIP = NO;
				DEAD_CODE_STRIPPING = YES;
				DEBUG_INFORMATION_FORMAT = dwarf;
				ENABLE_STRICT_OBJC_MSGSEND = YES;
				ENABLE_TESTABILITY = YES;
				ENABLE_USER_SCRIPT_SANDBOXING = NO;
				GCC_C_LANGUAGE_STANDARD = gnu17;
				GCC_DYNAMIC_NO_PIC = NO;
				GCC_NO_COMMON_BLOCKS = YES;
				GCC_OPTIMIZATION_LEVEL = 0;
				GCC_PREPROCESSOR_DEFINITIONS = (
					"DEBUG=1",
					"$(inherited)",
				);
				GCC_WARN_64_TO_32_BIT_CONVERSION = YES;
				GCC_WARN_ABOUT_RETURN_TYPE = YES_ERROR;
				GCC_WARN_UNDECLARED_SELECTOR = YES;
				GCC_WARN_UNINITIALIZED_AUTOS = YES_AGGRESSIVE;
				GCC_WARN_UNUSED_FUNCTION = YES;
				GCC_WARN_UNUSED_VARIABLE = YES;
				INFOPLIST_KEY_MetalCaptureEnabled = YES;
				LOCALIZATION_PREFERS_STRING_CATALOGS = YES;
				MTL_ENABLE_DEBUG_INFO = INCLUDE_SOURCE;
				MTL_FAST_MATH = YES;
				ONLY_ACTIVE_ARCH = YES;
				SWIFT_ACTIVE_COMPILATION_CONDITIONS = "DEBUG $(inherited)";
				SWIFT_OPTIMIZATION_LEVEL = "-Onone";
			};
			name = Debug;
		};
		0927E0EA2B41A6A30069BEF1 /* Release */ = {
			isa = XCBuildConfiguration;
			buildSettings = {
				ALWAYS_SEARCH_USER_PATHS = NO;
				ASSETCATALOG_COMPILER_GENERATE_SWIFT_ASSET_SYMBOL_EXTENSIONS = YES;
				CLANG_ANALYZER_NONNULL = YES;
				CLANG_ANALYZER_NUMBER_OBJECT_CONVERSION = YES_AGGRESSIVE;
				CLANG_CXX_LANGUAGE_STANDARD = "gnu++20";
				CLANG_ENABLE_MODULES = YES;
				CLANG_ENABLE_OBJC_ARC = YES;
				CLANG_ENABLE_OBJC_WEAK = YES;
				CLANG_WARN_BLOCK_CAPTURE_AUTORELEASING = YES;
				CLANG_WARN_BOOL_CONVERSION = YES;
				CLANG_WARN_COMMA = YES;
				CLANG_WARN_CONSTANT_CONVERSION = YES;
				CLANG_WARN_DEPRECATED_OBJC_IMPLEMENTATIONS = YES;
				CLANG_WARN_DIRECT_OBJC_ISA_USAGE = YES_ERROR;
				CLANG_WARN_DOCUMENTATION_COMMENTS = YES;
				CLANG_WARN_EMPTY_BODY = YES;
				CLANG_WARN_ENUM_CONVERSION = YES;
				CLANG_WARN_INFINITE_RECURSION = YES;
				CLANG_WARN_INT_CONVERSION = YES;
				CLANG_WARN_NON_LITERAL_NULL_CONVERSION = YES;
				CLANG_WARN_OBJC_IMPLICIT_RETAIN_SELF = YES;
				CLANG_WARN_OBJC_LITERAL_CONVERSION = YES;
				CLANG_WARN_OBJC_ROOT_CLASS = YES_ERROR;
				CLANG_WARN_QUOTED_INCLUDE_IN_FRAMEWORK_HEADER = YES;
				CLANG_WARN_RANGE_LOOP_ANALYSIS = YES;
				CLANG_WARN_STRICT_PROTOTYPES = YES;
				CLANG_WARN_SUSPICIOUS_MOVE = YES;
				CLANG_WARN_UNGUARDED_AVAILABILITY = YES_AGGRESSIVE;
				CLANG_WARN_UNREACHABLE_CODE = YES;
				CLANG_WARN__DUPLICATE_METHOD_MATCH = YES;
				COPY_PHASE_STRIP = NO;
				DEAD_CODE_STRIPPING = YES;
				DEBUG_INFORMATION_FORMAT = "dwarf-with-dsym";
				ENABLE_NS_ASSERTIONS = NO;
				ENABLE_STRICT_OBJC_MSGSEND = YES;
				ENABLE_USER_SCRIPT_SANDBOXING = NO;
				GCC_C_LANGUAGE_STANDARD = gnu17;
				GCC_NO_COMMON_BLOCKS = YES;
				GCC_WARN_64_TO_32_BIT_CONVERSION = YES;
				GCC_WARN_ABOUT_RETURN_TYPE = YES_ERROR;
				GCC_WARN_UNDECLARED_SELECTOR = YES;
				GCC_WARN_UNINITIALIZED_AUTOS = YES_AGGRESSIVE;
				GCC_WARN_UNUSED_FUNCTION = YES;
				GCC_WARN_UNUSED_VARIABLE = YES;
				INFOPLIST_KEY_MetalCaptureEnabled = YES;
				LOCALIZATION_PREFERS_STRING_CATALOGS = YES;
				MTL_ENABLE_DEBUG_INFO = NO;
				MTL_FAST_MATH = YES;
				SWIFT_COMPILATION_MODE = wholemodule;
			};
			name = Release;
		};
		0927E0EC2B41A6A30069BEF1 /* Debug */ = {
			isa = XCBuildConfiguration;
			buildSettings = {
				ASSETCATALOG_COMPILER_APPICON_NAME = AppIcon;
				ASSETCATALOG_COMPILER_GLOBAL_ACCENT_COLOR_NAME = AccentColor;
				CODE_SIGN_STYLE = Automatic;
				CURRENT_PROJECT_VERSION = 1;
				DEVELOPMENT_ASSET_PATHS = "\"TennisData5 Watch App/Preview Content\"";
				ENABLE_PREVIEWS = YES;
				GENERATE_INFOPLIST_FILE = YES;
				INFOPLIST_KEY_CFBundleDisplayName = TennisData5;
				INFOPLIST_KEY_UISupportedInterfaceOrientations = "UIInterfaceOrientationPortrait UIInterfaceOrientationPortraitUpsideDown";
				INFOPLIST_KEY_WKCompanionAppBundleIdentifier = "com.ios-academia.TennisData5";
				LD_RUNPATH_SEARCH_PATHS = (
					"$(inherited)",
					"@executable_path/Frameworks",
				);
				MARKETING_VERSION = 1.0;
				PRODUCT_BUNDLE_IDENTIFIER = "com.ios-academia.TennisData5.watchkitapp";
				PRODUCT_NAME = "$(TARGET_NAME)";
				SDKROOT = watchos;
				SKIP_INSTALL = YES;
				SWIFT_EMIT_LOC_STRINGS = YES;
				SWIFT_VERSION = 5.0;
				TARGETED_DEVICE_FAMILY = 4;
				WATCHOS_DEPLOYMENT_TARGET = 10.2;
			};
			name = Debug;
		};
		0927E0ED2B41A6A30069BEF1 /* Release */ = {
			isa = XCBuildConfiguration;
			buildSettings = {
				ASSETCATALOG_COMPILER_APPICON_NAME = AppIcon;
				ASSETCATALOG_COMPILER_GLOBAL_ACCENT_COLOR_NAME = AccentColor;
				CODE_SIGN_STYLE = Automatic;
				CURRENT_PROJECT_VERSION = 1;
				DEVELOPMENT_ASSET_PATHS = "\"TennisData5 Watch App/Preview Content\"";
				ENABLE_PREVIEWS = YES;
				GENERATE_INFOPLIST_FILE = YES;
				INFOPLIST_KEY_CFBundleDisplayName = TennisData5;
				INFOPLIST_KEY_UISupportedInterfaceOrientations = "UIInterfaceOrientationPortrait UIInterfaceOrientationPortraitUpsideDown";
				INFOPLIST_KEY_WKCompanionAppBundleIdentifier = "com.ios-academia.TennisData5";
				LD_RUNPATH_SEARCH_PATHS = (
					"$(inherited)",
					"@executable_path/Frameworks",
				);
				MARKETING_VERSION = 1.0;
				PRODUCT_BUNDLE_IDENTIFIER = "com.ios-academia.TennisData5.watchkitapp";
				PRODUCT_NAME = "$(TARGET_NAME)";
				SDKROOT = watchos;
				SKIP_INSTALL = YES;
				SWIFT_EMIT_LOC_STRINGS = YES;
				SWIFT_VERSION = 5.0;
				TARGETED_DEVICE_FAMILY = 4;
				VALIDATE_PRODUCT = YES;
				WATCHOS_DEPLOYMENT_TARGET = 10.2;
			};
			name = Release;
		};
		0927E0F02B41A6A30069BEF1 /* Debug */ = {
			isa = XCBuildConfiguration;
			baseConfigurationReference = C26DA8F12FE0E41596A59D0B /* Pods-TennisData5.debug.xcconfig */;
			buildSettings = {
				ALWAYS_EMBED_SWIFT_STANDARD_LIBRARIES = YES;
				ASSETCATALOG_COMPILER_APPICON_NAME = AppIcon;
				ASSETCATALOG_COMPILER_GLOBAL_ACCENT_COLOR_NAME = AccentColor;
				CODE_SIGN_STYLE = Automatic;
				CURRENT_PROJECT_VERSION = 1;
				DEVELOPMENT_ASSET_PATHS = "\"TennisData5/Preview Content\"";
				ENABLE_PREVIEWS = YES;
				GENERATE_INFOPLIST_FILE = YES;
				INFOPLIST_KEY_CFBundleDisplayName = TennisData5;
				INFOPLIST_KEY_UIApplicationSceneManifest_Generation = YES;
				INFOPLIST_KEY_UIApplicationSupportsIndirectInputEvents = YES;
				INFOPLIST_KEY_UILaunchScreen_Generation = YES;
				INFOPLIST_KEY_UIStatusBarStyle = UIStatusBarStyleLightContent;
				INFOPLIST_KEY_UISupportedInterfaceOrientations_iPad = "UIInterfaceOrientationPortrait UIInterfaceOrientationPortraitUpsideDown UIInterfaceOrientationLandscapeLeft UIInterfaceOrientationLandscapeRight";
				INFOPLIST_KEY_UISupportedInterfaceOrientations_iPhone = "UIInterfaceOrientationPortrait UIInterfaceOrientationLandscapeLeft UIInterfaceOrientationLandscapeRight";
				IPHONEOS_DEPLOYMENT_TARGET = 17.0;
				LD_RUNPATH_SEARCH_PATHS = (
					"$(inherited)",
					"@executable_path/Frameworks",
				);
				MARKETING_VERSION = 1.0;
				PRODUCT_BUNDLE_IDENTIFIER = "com.ios-academia.TennisData5";
				PRODUCT_NAME = "$(TARGET_NAME)";
				SDKROOT = iphoneos;
				SWIFT_EMIT_LOC_STRINGS = YES;
				SWIFT_VERSION = 5.0;
				TARGETED_DEVICE_FAMILY = "1,2";
			};
			name = Debug;
		};
		0927E0F12B41A6A30069BEF1 /* Release */ = {
			isa = XCBuildConfiguration;
			baseConfigurationReference = 4AF2DEA21EC7FFC73F0C71F4 /* Pods-TennisData5.release.xcconfig */;
			buildSettings = {
				ALWAYS_EMBED_SWIFT_STANDARD_LIBRARIES = YES;
				ASSETCATALOG_COMPILER_APPICON_NAME = AppIcon;
				ASSETCATALOG_COMPILER_GLOBAL_ACCENT_COLOR_NAME = AccentColor;
				CODE_SIGN_STYLE = Automatic;
				CURRENT_PROJECT_VERSION = 1;
				DEVELOPMENT_ASSET_PATHS = "\"TennisData5/Preview Content\"";
				ENABLE_PREVIEWS = YES;
				GENERATE_INFOPLIST_FILE = YES;
				INFOPLIST_KEY_CFBundleDisplayName = TennisData5;
				INFOPLIST_KEY_UIApplicationSceneManifest_Generation = YES;
				INFOPLIST_KEY_UIApplicationSupportsIndirectInputEvents = YES;
				INFOPLIST_KEY_UILaunchScreen_Generation = YES;
				INFOPLIST_KEY_UIStatusBarStyle = UIStatusBarStyleLightContent;
				INFOPLIST_KEY_UISupportedInterfaceOrientations_iPad = "UIInterfaceOrientationPortrait UIInterfaceOrientationPortraitUpsideDown UIInterfaceOrientationLandscapeLeft UIInterfaceOrientationLandscapeRight";
				INFOPLIST_KEY_UISupportedInterfaceOrientations_iPhone = "UIInterfaceOrientationPortrait UIInterfaceOrientationLandscapeLeft UIInterfaceOrientationLandscapeRight";
				IPHONEOS_DEPLOYMENT_TARGET = 17.0;
				LD_RUNPATH_SEARCH_PATHS = (
					"$(inherited)",
					"@executable_path/Frameworks",
				);
				MARKETING_VERSION = 1.0;
				PRODUCT_BUNDLE_IDENTIFIER = "com.ios-academia.TennisData5";
				PRODUCT_NAME = "$(TARGET_NAME)";
				SDKROOT = iphoneos;
				SWIFT_EMIT_LOC_STRINGS = YES;
				SWIFT_VERSION = 5.0;
				TARGETED_DEVICE_FAMILY = "1,2";
				VALIDATE_PRODUCT = YES;
			};
			name = Release;
		};
		0927E0F32B41A6A30069BEF1 /* Debug */ = {
			isa = XCBuildConfiguration;
			baseConfigurationReference = 89A79B85A0A1C6D9E49A58DC /* Pods-TennisData5Tests.debug.xcconfig */;
			buildSettings = {
				ALWAYS_EMBED_SWIFT_STANDARD_LIBRARIES = YES;
				BUNDLE_LOADER = "$(TEST_HOST)";
				CODE_SIGN_STYLE = Automatic;
				CURRENT_PROJECT_VERSION = 1;
				GENERATE_INFOPLIST_FILE = YES;
				IPHONEOS_DEPLOYMENT_TARGET = 17.2;
				MARKETING_VERSION = 1.0;
				PRODUCT_BUNDLE_IDENTIFIER = "com.ios-academia.TennisData5Tests";
				PRODUCT_NAME = "$(TARGET_NAME)";
				SDKROOT = iphoneos;
				SWIFT_EMIT_LOC_STRINGS = NO;
				SWIFT_VERSION = 5.0;
				TARGETED_DEVICE_FAMILY = "1,2";
				TEST_HOST = "$(BUILT_PRODUCTS_DIR)/TennisData5.app/$(BUNDLE_EXECUTABLE_FOLDER_PATH)/TennisData5";
			};
			name = Debug;
		};
		0927E0F42B41A6A30069BEF1 /* Release */ = {
			isa = XCBuildConfiguration;
			baseConfigurationReference = D241B2756B3D6760FCED04C2 /* Pods-TennisData5Tests.release.xcconfig */;
			buildSettings = {
				ALWAYS_EMBED_SWIFT_STANDARD_LIBRARIES = YES;
				BUNDLE_LOADER = "$(TEST_HOST)";
				CODE_SIGN_STYLE = Automatic;
				CURRENT_PROJECT_VERSION = 1;
				GENERATE_INFOPLIST_FILE = YES;
				IPHONEOS_DEPLOYMENT_TARGET = 17.2;
				MARKETING_VERSION = 1.0;
				PRODUCT_BUNDLE_IDENTIFIER = "com.ios-academia.TennisData5Tests";
				PRODUCT_NAME = "$(TARGET_NAME)";
				SDKROOT = iphoneos;
				SWIFT_EMIT_LOC_STRINGS = NO;
				SWIFT_VERSION = 5.0;
				TARGETED_DEVICE_FAMILY = "1,2";
				TEST_HOST = "$(BUILT_PRODUCTS_DIR)/TennisData5.app/$(BUNDLE_EXECUTABLE_FOLDER_PATH)/TennisData5";
				VALIDATE_PRODUCT = YES;
			};
			name = Release;
		};
		0927E0F62B41A6A30069BEF1 /* Debug */ = {
			isa = XCBuildConfiguration;
			baseConfigurationReference = F8E5D8AE9133F36E1B556480 /* Pods-TennisData5-TennisData5UITests.debug.xcconfig */;
			buildSettings = {
				ALWAYS_EMBED_SWIFT_STANDARD_LIBRARIES = YES;
				CODE_SIGN_STYLE = Automatic;
				CURRENT_PROJECT_VERSION = 1;
				GENERATE_INFOPLIST_FILE = YES;
				IPHONEOS_DEPLOYMENT_TARGET = 17.2;
				MARKETING_VERSION = 1.0;
				PRODUCT_BUNDLE_IDENTIFIER = "com.ios-academia.TennisData5UITests";
				PRODUCT_NAME = "$(TARGET_NAME)";
				SDKROOT = iphoneos;
				SWIFT_EMIT_LOC_STRINGS = NO;
				SWIFT_VERSION = 5.0;
				TARGETED_DEVICE_FAMILY = "1,2";
				TEST_TARGET_NAME = TennisData5;
			};
			name = Debug;
		};
		0927E0F72B41A6A30069BEF1 /* Release */ = {
			isa = XCBuildConfiguration;
			baseConfigurationReference = 55B1D84AE920A51E4224B0AB /* Pods-TennisData5-TennisData5UITests.release.xcconfig */;
			buildSettings = {
				ALWAYS_EMBED_SWIFT_STANDARD_LIBRARIES = YES;
				CODE_SIGN_STYLE = Automatic;
				CURRENT_PROJECT_VERSION = 1;
				GENERATE_INFOPLIST_FILE = YES;
				IPHONEOS_DEPLOYMENT_TARGET = 17.2;
				MARKETING_VERSION = 1.0;
				PRODUCT_BUNDLE_IDENTIFIER = "com.ios-academia.TennisData5UITests";
				PRODUCT_NAME = "$(TARGET_NAME)";
				SDKROOT = iphoneos;
				SWIFT_EMIT_LOC_STRINGS = NO;
				SWIFT_VERSION = 5.0;
				TARGETED_DEVICE_FAMILY = "1,2";
				TEST_TARGET_NAME = TennisData5;
				VALIDATE_PRODUCT = YES;
			};
			name = Release;
		};
		0927E0F92B41A6A30069BEF1 /* Debug */ = {
			isa = XCBuildConfiguration;
			baseConfigurationReference = 43D86F11D09C09DBD154E658 /* Pods-TennisData5 Watch AppTests.debug.xcconfig */;
			buildSettings = {
				ALWAYS_EMBED_SWIFT_STANDARD_LIBRARIES = YES;
				BUNDLE_LOADER = "$(TEST_HOST)";
				CODE_SIGN_STYLE = Automatic;
				CURRENT_PROJECT_VERSION = 1;
				GENERATE_INFOPLIST_FILE = YES;
				MARKETING_VERSION = 1.0;
				PRODUCT_BUNDLE_IDENTIFIER = "com.ios-academia.TennisData5-Watch-AppTests";
				PRODUCT_NAME = "$(TARGET_NAME)";
				SDKROOT = watchos;
				SWIFT_EMIT_LOC_STRINGS = NO;
				SWIFT_VERSION = 5.0;
				TARGETED_DEVICE_FAMILY = 4;
				TEST_HOST = "$(BUILT_PRODUCTS_DIR)/TennisData5 Watch App.app/$(BUNDLE_EXECUTABLE_FOLDER_PATH)/TennisData5 Watch App";
				WATCHOS_DEPLOYMENT_TARGET = 10.2;
			};
			name = Debug;
		};
		0927E0FA2B41A6A30069BEF1 /* Release */ = {
			isa = XCBuildConfiguration;
			baseConfigurationReference = 1DD891B8B5AC7081C5F0CE99 /* Pods-TennisData5 Watch AppTests.release.xcconfig */;
			buildSettings = {
				ALWAYS_EMBED_SWIFT_STANDARD_LIBRARIES = YES;
				BUNDLE_LOADER = "$(TEST_HOST)";
				CODE_SIGN_STYLE = Automatic;
				CURRENT_PROJECT_VERSION = 1;
				GENERATE_INFOPLIST_FILE = YES;
				MARKETING_VERSION = 1.0;
				PRODUCT_BUNDLE_IDENTIFIER = "com.ios-academia.TennisData5-Watch-AppTests";
				PRODUCT_NAME = "$(TARGET_NAME)";
				SDKROOT = watchos;
				SWIFT_EMIT_LOC_STRINGS = NO;
				SWIFT_VERSION = 5.0;
				TARGETED_DEVICE_FAMILY = 4;
				TEST_HOST = "$(BUILT_PRODUCTS_DIR)/TennisData5 Watch App.app/$(BUNDLE_EXECUTABLE_FOLDER_PATH)/TennisData5 Watch App";
				VALIDATE_PRODUCT = YES;
				WATCHOS_DEPLOYMENT_TARGET = 10.2;
			};
			name = Release;
		};
		0927E0FC2B41A6A30069BEF1 /* Debug */ = {
			isa = XCBuildConfiguration;
			baseConfigurationReference = 631C4D07D578DB6EC73097F9 /* Pods-TennisData5-TennisData5 Watch AppUITests.debug.xcconfig */;
			buildSettings = {
				ALWAYS_EMBED_SWIFT_STANDARD_LIBRARIES = YES;
				CODE_SIGN_STYLE = Automatic;
				CURRENT_PROJECT_VERSION = 1;
				GENERATE_INFOPLIST_FILE = YES;
				MARKETING_VERSION = 1.0;
				PRODUCT_BUNDLE_IDENTIFIER = "com.ios-academia.TennisData5-Watch-AppUITests";
				PRODUCT_NAME = "$(TARGET_NAME)";
				SDKROOT = watchos;
				SWIFT_EMIT_LOC_STRINGS = NO;
				SWIFT_VERSION = 5.0;
				TARGETED_DEVICE_FAMILY = 4;
				TEST_TARGET_NAME = "TennisData5 Watch App";
				WATCHOS_DEPLOYMENT_TARGET = 10.2;
			};
			name = Debug;
		};
		0927E0FD2B41A6A30069BEF1 /* Release */ = {
			isa = XCBuildConfiguration;
			baseConfigurationReference = E1DE1758E970453C0CA1F284 /* Pods-TennisData5-TennisData5 Watch AppUITests.release.xcconfig */;
			buildSettings = {
				ALWAYS_EMBED_SWIFT_STANDARD_LIBRARIES = YES;
				CODE_SIGN_STYLE = Automatic;
				CURRENT_PROJECT_VERSION = 1;
				GENERATE_INFOPLIST_FILE = YES;
				MARKETING_VERSION = 1.0;
				PRODUCT_BUNDLE_IDENTIFIER = "com.ios-academia.TennisData5-Watch-AppUITests";
				PRODUCT_NAME = "$(TARGET_NAME)";
				SDKROOT = watchos;
				SWIFT_EMIT_LOC_STRINGS = NO;
				SWIFT_VERSION = 5.0;
				TARGETED_DEVICE_FAMILY = 4;
				TEST_TARGET_NAME = "TennisData5 Watch App";
				VALIDATE_PRODUCT = YES;
				WATCHOS_DEPLOYMENT_TARGET = 10.2;
			};
			name = Release;
		};
/* End XCBuildConfiguration section */

/* Begin XCConfigurationList section */
		0927E09A2B41A69F0069BEF1 /* Build configuration list for PBXProject "TennisData5" */ = {
			isa = XCConfigurationList;
			buildConfigurations = (
				0927E0E92B41A6A30069BEF1 /* Debug */,
				0927E0EA2B41A6A30069BEF1 /* Release */,
			);
			defaultConfigurationIsVisible = 0;
			defaultConfigurationName = Release;
		};
		0927E0EB2B41A6A30069BEF1 /* Build configuration list for PBXNativeTarget "TennisData5 Watch App" */ = {
			isa = XCConfigurationList;
			buildConfigurations = (
				0927E0EC2B41A6A30069BEF1 /* Debug */,
				0927E0ED2B41A6A30069BEF1 /* Release */,
			);
			defaultConfigurationIsVisible = 0;
			defaultConfigurationName = Release;
		};
		0927E0EF2B41A6A30069BEF1 /* Build configuration list for PBXNativeTarget "TennisData5" */ = {
			isa = XCConfigurationList;
			buildConfigurations = (
				0927E0F02B41A6A30069BEF1 /* Debug */,
				0927E0F12B41A6A30069BEF1 /* Release */,
			);
			defaultConfigurationIsVisible = 0;
			defaultConfigurationName = Release;
		};
		0927E0F22B41A6A30069BEF1 /* Build configuration list for PBXNativeTarget "TennisData5Tests" */ = {
			isa = XCConfigurationList;
			buildConfigurations = (
				0927E0F32B41A6A30069BEF1 /* Debug */,
				0927E0F42B41A6A30069BEF1 /* Release */,
			);
			defaultConfigurationIsVisible = 0;
			defaultConfigurationName = Release;
		};
		0927E0F52B41A6A30069BEF1 /* Build configuration list for PBXNativeTarget "TennisData5UITests" */ = {
			isa = XCConfigurationList;
			buildConfigurations = (
				0927E0F62B41A6A30069BEF1 /* Debug */,
				0927E0F72B41A6A30069BEF1 /* Release */,
			);
			defaultConfigurationIsVisible = 0;
			defaultConfigurationName = Release;
		};
		0927E0F82B41A6A30069BEF1 /* Build configuration list for PBXNativeTarget "TennisData5 Watch AppTests" */ = {
			isa = XCConfigurationList;
			buildConfigurations = (
				0927E0F92B41A6A30069BEF1 /* Debug */,
				0927E0FA2B41A6A30069BEF1 /* Release */,
			);
			defaultConfigurationIsVisible = 0;
			defaultConfigurationName = Release;
		};
		0927E0FB2B41A6A30069BEF1 /* Build configuration list for PBXNativeTarget "TennisData5 Watch AppUITests" */ = {
			isa = XCConfigurationList;
			buildConfigurations = (
				0927E0FC2B41A6A30069BEF1 /* Debug */,
				0927E0FD2B41A6A30069BEF1 /* Release */,
			);
			defaultConfigurationIsVisible = 0;
			defaultConfigurationName = Release;
		};
/* End XCConfigurationList section */
	};
	rootObject = 0927E0972B41A69F0069BEF1 /* Project object */;
}
